// !$*UTF8*$!
{
	archiveVersion = 1;
	classes = {
	};
	objectVersion = 46;
	objects = {

/* Begin PBXBuildFile section */
		0EA7EF09182336B600C47F69 /* chapterModel.m in Sources */ = {isa = PBXBuildFile; fileRef = 0EA7EF08182336B600C47F69 /* chapterModel.m */; };
		0EA7EF0C18233B0000C47F69 /* jiantou_up.png in Resources */ = {isa = PBXBuildFile; fileRef = 0EA7EF0A18233B0000C47F69 /* jiantou_up.png */; };
		0EA7EF0D18233B0000C47F69 /* jiantou_down.png in Resources */ = {isa = PBXBuildFile; fileRef = 0EA7EF0B18233B0000C47F69 /* jiantou_down.png */; };
		0EA7EF1018233CDC00C47F69 /* LessonModel.m in Sources */ = {isa = PBXBuildFile; fileRef = 0EA7EF0F18233CDC00C47F69 /* LessonModel.m */; };
		0EA7EF13182349AF00C47F69 /* SectionInfoInterface.m in Sources */ = {isa = PBXBuildFile; fileRef = 0EA7EF12182349AF00C47F69 /* SectionInfoInterface.m */; };
		0EA7EF1618234A0400C47F69 /* GradeInterface.m in Sources */ = {isa = PBXBuildFile; fileRef = 0EA7EF1518234A0400C47F69 /* GradeInterface.m */; };
		0EA7EF1918234A7500C47F69 /* CommentListInterface.m in Sources */ = {isa = PBXBuildFile; fileRef = 0EA7EF1818234A7500C47F69 /* CommentListInterface.m */; };
		0EA7EF1C18234AC600C47F69 /* SearchLessonInterface.m in Sources */ = {isa = PBXBuildFile; fileRef = 0EA7EF1B18234AC600C47F69 /* SearchLessonInterface.m */; };
		0EA7EF1F18234B5600C47F69 /* QuestionInfoInterface.m in Sources */ = {isa = PBXBuildFile; fileRef = 0EA7EF1E18234B5600C47F69 /* QuestionInfoInterface.m */; };
		0EA7EF2218234BA100C47F69 /* QuestionListInterface.m in Sources */ = {isa = PBXBuildFile; fileRef = 0EA7EF2118234BA100C47F69 /* QuestionListInterface.m */; };
		0EA7EF2518234BE900C47F69 /* AcceptAnswerInterface.m in Sources */ = {isa = PBXBuildFile; fileRef = 0EA7EF2418234BE900C47F69 /* AcceptAnswerInterface.m */; };
		0EA7EF2818234CDC00C47F69 /* ChapterQuestionInterface.m in Sources */ = {isa = PBXBuildFile; fileRef = 0EA7EF2718234CDC00C47F69 /* ChapterQuestionInterface.m */; };
		0EA7EF2E18234D6200C47F69 /* AnswerPraiseInterface.m in Sources */ = {isa = PBXBuildFile; fileRef = 0EA7EF2D18234D6200C47F69 /* AnswerPraiseInterface.m */; };
		0EA7EF3118234D8D00C47F69 /* GetUserQuestionInterface.m in Sources */ = {isa = PBXBuildFile; fileRef = 0EA7EF3018234D8D00C47F69 /* GetUserQuestionInterface.m */; };
		0EA7EF3718234F9000C47F69 /* SearchQuestionInterface.m in Sources */ = {isa = PBXBuildFile; fileRef = 0EA7EF3618234F9000C47F69 /* SearchQuestionInterface.m */; };
		0EA7EF3A1823581F00C47F69 /* SectionModel.m in Sources */ = {isa = PBXBuildFile; fileRef = 0EA7EF391823581F00C47F69 /* SectionModel.m */; };
		0EA7EF3D182379E200C47F69 /* NoteModel.m in Sources */ = {isa = PBXBuildFile; fileRef = 0EA7EF3C182379E200C47F69 /* NoteModel.m */; };
		0EA7EF4018237A0D00C47F69 /* CommentModel.m in Sources */ = {isa = PBXBuildFile; fileRef = 0EA7EF3F18237A0D00C47F69 /* CommentModel.m */; };
		0EA7EF4318238C8A00C47F69 /* LessonQuestionModel.m in Sources */ = {isa = PBXBuildFile; fileRef = 0EA7EF4218238C8A00C47F69 /* LessonQuestionModel.m */; };
		0EA7EF4618238CC600C47F69 /* ChapterQuestionModel.m in Sources */ = {isa = PBXBuildFile; fileRef = 0EA7EF4518238CC600C47F69 /* ChapterQuestionModel.m */; };
		0EA7EF4918238D4600C47F69 /* QuestionModel.m in Sources */ = {isa = PBXBuildFile; fileRef = 0EA7EF4818238D4600C47F69 /* QuestionModel.m */; };
		0EA7EF4C18238DF600C47F69 /* AnswerModel.m in Sources */ = {isa = PBXBuildFile; fileRef = 0EA7EF4B18238DF600C47F69 /* AnswerModel.m */; };
		0EA7EF4F1823A98600C47F69 /* PlayVideoInterface.m in Sources */ = {isa = PBXBuildFile; fileRef = 0EA7EF4E1823A98600C47F69 /* PlayVideoInterface.m */; };
		0EA7EF521823A99700C47F69 /* PlayBackInterface.m in Sources */ = {isa = PBXBuildFile; fileRef = 0EA7EF511823A99700C47F69 /* PlayBackInterface.m */; };
		0EA7EF551823ACCC00C47F69 /* SumitNoteInterface.m in Sources */ = {isa = PBXBuildFile; fileRef = 0EA7EF541823ACCC00C47F69 /* SumitNoteInterface.m */; };
		0EA7EF5B1823ADF100C47F69 /* SubmitAnswerInterface.m in Sources */ = {isa = PBXBuildFile; fileRef = 0EA7EF5A1823ADF100C47F69 /* SubmitAnswerInterface.m */; };
		0EA7EF5E1823AE1800C47F69 /* AskQuestionInterface.m in Sources */ = {isa = PBXBuildFile; fileRef = 0EA7EF5D1823AE1800C47F69 /* AskQuestionInterface.m */; };
		0EA7EF611823B0EC00C47F69 /* AnswerListInterface.m in Sources */ = {isa = PBXBuildFile; fileRef = 0EA7EF601823B0EC00C47F69 /* AnswerListInterface.m */; };
		0EA7EF631823B1FC00C47F69 /* answerList.json in Resources */ = {isa = PBXBuildFile; fileRef = 0EA7EF621823B1FC00C47F69 /* answerList.json */; };
		0EAFA0EA1822167800D01D3E /* acceptAnswer.json in Resources */ = {isa = PBXBuildFile; fileRef = 0EAFA0D51822167800D01D3E /* acceptAnswer.json */; };
		0EAFA0EB1822167800D01D3E /* answerPraise.json in Resources */ = {isa = PBXBuildFile; fileRef = 0EAFA0D61822167800D01D3E /* answerPraise.json */; };
		0EAFA0EC1822167800D01D3E /* askQuestion.json in Resources */ = {isa = PBXBuildFile; fileRef = 0EAFA0D71822167800D01D3E /* askQuestion.json */; };
		0EAFA0ED1822167800D01D3E /* chapterInfo.json in Resources */ = {isa = PBXBuildFile; fileRef = 0EAFA0D81822167800D01D3E /* chapterInfo.json */; };
		0EAFA0EE1822167800D01D3E /* chapterQuestion.json in Resources */ = {isa = PBXBuildFile; fileRef = 0EAFA0D91822167800D01D3E /* chapterQuestion.json */; };
		0EAFA0EF1822167800D01D3E /* commentList.json in Resources */ = {isa = PBXBuildFile; fileRef = 0EAFA0DA1822167800D01D3E /* commentList.json */; };
		0EAFA0F01822167800D01D3E /* findPassWord.json in Resources */ = {isa = PBXBuildFile; fileRef = 0EAFA0DB1822167800D01D3E /* findPassWord.json */; };
		0EAFA0F11822167800D01D3E /* getUserQuestion.json in Resources */ = {isa = PBXBuildFile; fileRef = 0EAFA0DC1822167800D01D3E /* getUserQuestion.json */; };
		0EAFA0F21822167800D01D3E /* grade.json in Resources */ = {isa = PBXBuildFile; fileRef = 0EAFA0DD1822167800D01D3E /* grade.json */; };
		0EAFA0F31822167800D01D3E /* lessonInfo.json in Resources */ = {isa = PBXBuildFile; fileRef = 0EAFA0DE1822167800D01D3E /* lessonInfo.json */; };
		0EAFA0F41822167800D01D3E /* logIn.json in Resources */ = {isa = PBXBuildFile; fileRef = 0EAFA0DF1822167800D01D3E /* logIn.json */; };
		0EAFA0F51822167800D01D3E /* playBack.json in Resources */ = {isa = PBXBuildFile; fileRef = 0EAFA0E01822167800D01D3E /* playBack.json */; };
		0EAFA0F61822167800D01D3E /* playVideo.json in Resources */ = {isa = PBXBuildFile; fileRef = 0EAFA0E11822167800D01D3E /* playVideo.json */; };
		0EAFA0F71822167800D01D3E /* questionInfo.json in Resources */ = {isa = PBXBuildFile; fileRef = 0EAFA0E21822167800D01D3E /* questionInfo.json */; };
		0EAFA0F81822167800D01D3E /* questionList.json in Resources */ = {isa = PBXBuildFile; fileRef = 0EAFA0E31822167800D01D3E /* questionList.json */; };
		0EAFA0F91822167800D01D3E /* searchLesson.json in Resources */ = {isa = PBXBuildFile; fileRef = 0EAFA0E41822167800D01D3E /* searchLesson.json */; };
		0EAFA0FA1822167800D01D3E /* searchQuestion.json in Resources */ = {isa = PBXBuildFile; fileRef = 0EAFA0E51822167800D01D3E /* searchQuestion.json */; };
		0EAFA0FB1822167800D01D3E /* sectionInfo.json in Resources */ = {isa = PBXBuildFile; fileRef = 0EAFA0E61822167800D01D3E /* sectionInfo.json */; };
		0EAFA0FC1822167800D01D3E /* submitAnswer.json in Resources */ = {isa = PBXBuildFile; fileRef = 0EAFA0E71822167800D01D3E /* submitAnswer.json */; };
		0EAFA0FD1822167800D01D3E /* submitNote.json in Resources */ = {isa = PBXBuildFile; fileRef = 0EAFA0E81822167800D01D3E /* submitNote.json */; };
		0EAFA0FE1822167800D01D3E /* suggestion.json in Resources */ = {isa = PBXBuildFile; fileRef = 0EAFA0E91822167800D01D3E /* suggestion.json */; };
		0EAFA107182223BD00D01D3E /* loginBgImage_v.png in Resources */ = {isa = PBXBuildFile; fileRef = 0EAFA105182223BD00D01D3E /* loginBgImage_v.png */; };
		0EAFA108182223BD00D01D3E /* loginBgImage_v@2x.png in Resources */ = {isa = PBXBuildFile; fileRef = 0EAFA106182223BD00D01D3E /* loginBgImage_v@2x.png */; };
		0EAFA1121822399000D01D3E /* BaseInterface.m in Sources */ = {isa = PBXBuildFile; fileRef = 0EAFA10D1822399000D01D3E /* BaseInterface.m */; settings = {COMPILER_FLAGS = "-fno-objc-arc"; }; };
		0EAFA1131822399100D01D3E /* InterfaceCache.m in Sources */ = {isa = PBXBuildFile; fileRef = 0EAFA10F1822399000D01D3E /* InterfaceCache.m */; settings = {COMPILER_FLAGS = "-fno-objc-arc"; }; };
		0EAFA1141822399100D01D3E /* LogInterface.m in Sources */ = {isa = PBXBuildFile; fileRef = 0EAFA1111822399000D01D3E /* LogInterface.m */; };
		0EAFA11718223E5D00D01D3E /* CJTToolbarView.m in Sources */ = {isa = PBXBuildFile; fileRef = 0EAFA11618223E5D00D01D3E /* CJTToolbarView.m */; };
		0EAFA11A18223FC500D01D3E /* CJTMainToolbar.m in Sources */ = {isa = PBXBuildFile; fileRef = 0EAFA11918223FC500D01D3E /* CJTMainToolbar.m */; };
		0EAFA1201822464700D01D3E /* FindPassWordInterface.m in Sources */ = {isa = PBXBuildFile; fileRef = 0EAFA11F1822464700D01D3E /* FindPassWordInterface.m */; };
		0EAFA1231822485500D01D3E /* LessonInfoInterface.m in Sources */ = {isa = PBXBuildFile; fileRef = 0EAFA1221822485500D01D3E /* LessonInfoInterface.m */; };
		0EAFA1261822488700D01D3E /* ChapterInfoInterface.m in Sources */ = {isa = PBXBuildFile; fileRef = 0EAFA1251822488700D01D3E /* ChapterInfoInterface.m */; };
		0EAFA12C18224C2700D01D3E /* LessonViewController.m in Sources */ = {isa = PBXBuildFile; fileRef = 0EAFA12B18224C2700D01D3E /* LessonViewController.m */; };
		0EDF4D9118210202007161E0 /* DownloadService.m in Sources */ = {isa = PBXBuildFile; fileRef = 0EDF4D9018210202007161E0 /* DownloadService.m */; };
		0EDF4DDB18210241007161E0 /* ASIWebPageRequest.m in Sources */ = {isa = PBXBuildFile; fileRef = 0EDF4D9518210241007161E0 /* ASIWebPageRequest.m */; settings = {COMPILER_FLAGS = "-fno-objc-arc"; }; };
		0EDF4DDC18210241007161E0 /* ASICloudFilesCDNRequest.m in Sources */ = {isa = PBXBuildFile; fileRef = 0EDF4D9818210241007161E0 /* ASICloudFilesCDNRequest.m */; settings = {COMPILER_FLAGS = "-fno-objc-arc"; }; };
		0EDF4DDD18210241007161E0 /* ASICloudFilesContainer.m in Sources */ = {isa = PBXBuildFile; fileRef = 0EDF4D9A18210241007161E0 /* ASICloudFilesContainer.m */; settings = {COMPILER_FLAGS = "-fno-objc-arc"; }; };
		0EDF4DDE18210241007161E0 /* ASICloudFilesContainerRequest.m in Sources */ = {isa = PBXBuildFile; fileRef = 0EDF4D9C18210241007161E0 /* ASICloudFilesContainerRequest.m */; settings = {COMPILER_FLAGS = "-fno-objc-arc"; }; };
		0EDF4DDF18210241007161E0 /* ASICloudFilesContainerXMLParserDelegate.m in Sources */ = {isa = PBXBuildFile; fileRef = 0EDF4D9E18210241007161E0 /* ASICloudFilesContainerXMLParserDelegate.m */; settings = {COMPILER_FLAGS = "-fno-objc-arc"; }; };
		0EDF4DE018210241007161E0 /* ASICloudFilesObject.m in Sources */ = {isa = PBXBuildFile; fileRef = 0EDF4DA018210241007161E0 /* ASICloudFilesObject.m */; settings = {COMPILER_FLAGS = "-fno-objc-arc"; }; };
		0EDF4DE118210241007161E0 /* ASICloudFilesObjectRequest.m in Sources */ = {isa = PBXBuildFile; fileRef = 0EDF4DA218210241007161E0 /* ASICloudFilesObjectRequest.m */; settings = {COMPILER_FLAGS = "-fno-objc-arc"; }; };
		0EDF4DE218210241007161E0 /* ASICloudFilesRequest.m in Sources */ = {isa = PBXBuildFile; fileRef = 0EDF4DA418210241007161E0 /* ASICloudFilesRequest.m */; settings = {COMPILER_FLAGS = "-fno-objc-arc"; }; };
		0EDF4DE318210241007161E0 /* ASIAuthenticationDialog.m in Sources */ = {isa = PBXBuildFile; fileRef = 0EDF4DA718210241007161E0 /* ASIAuthenticationDialog.m */; settings = {COMPILER_FLAGS = "-fno-objc-arc"; }; };
		0EDF4DE418210241007161E0 /* ASIDataCompressor.m in Sources */ = {isa = PBXBuildFile; fileRef = 0EDF4DAA18210241007161E0 /* ASIDataCompressor.m */; settings = {COMPILER_FLAGS = "-fno-objc-arc"; }; };
		0EDF4DE518210241007161E0 /* ASIDataDecompressor.m in Sources */ = {isa = PBXBuildFile; fileRef = 0EDF4DAC18210241007161E0 /* ASIDataDecompressor.m */; settings = {COMPILER_FLAGS = "-fno-objc-arc"; }; };
		0EDF4DE618210241007161E0 /* ASIDownloadCache.m in Sources */ = {isa = PBXBuildFile; fileRef = 0EDF4DAE18210241007161E0 /* ASIDownloadCache.m */; settings = {COMPILER_FLAGS = "-fno-objc-arc"; }; };
		0EDF4DE718210241007161E0 /* ASIFormDataRequest.m in Sources */ = {isa = PBXBuildFile; fileRef = 0EDF4DB018210241007161E0 /* ASIFormDataRequest.m */; settings = {COMPILER_FLAGS = "-fno-objc-arc"; }; };
		0EDF4DE818210241007161E0 /* ASIHTTPRequest.m in Sources */ = {isa = PBXBuildFile; fileRef = 0EDF4DB218210241007161E0 /* ASIHTTPRequest.m */; settings = {COMPILER_FLAGS = "-fno-objc-arc"; }; };
		0EDF4DE918210241007161E0 /* ASIInputStream.m in Sources */ = {isa = PBXBuildFile; fileRef = 0EDF4DB618210241007161E0 /* ASIInputStream.m */; settings = {COMPILER_FLAGS = "-fno-objc-arc"; }; };
		0EDF4DEA18210241007161E0 /* ASINetworkQueue.m in Sources */ = {isa = PBXBuildFile; fileRef = 0EDF4DB818210241007161E0 /* ASINetworkQueue.m */; settings = {COMPILER_FLAGS = "-fno-objc-arc"; }; };
		0EDF4DEB18210241007161E0 /* ASIS3Bucket.m in Sources */ = {isa = PBXBuildFile; fileRef = 0EDF4DBC18210241007161E0 /* ASIS3Bucket.m */; settings = {COMPILER_FLAGS = "-fno-objc-arc"; }; };
		0EDF4DEC18210241007161E0 /* ASIS3BucketObject.m in Sources */ = {isa = PBXBuildFile; fileRef = 0EDF4DBE18210241007161E0 /* ASIS3BucketObject.m */; settings = {COMPILER_FLAGS = "-fno-objc-arc"; }; };
		0EDF4DED18210241007161E0 /* ASIS3BucketRequest.m in Sources */ = {isa = PBXBuildFile; fileRef = 0EDF4DC018210241007161E0 /* ASIS3BucketRequest.m */; settings = {COMPILER_FLAGS = "-fno-objc-arc"; }; };
		0EDF4DEE18210241007161E0 /* ASIS3ObjectRequest.m in Sources */ = {isa = PBXBuildFile; fileRef = 0EDF4DC218210241007161E0 /* ASIS3ObjectRequest.m */; settings = {COMPILER_FLAGS = "-fno-objc-arc"; }; };
		0EDF4DEF18210241007161E0 /* ASIS3Request.m in Sources */ = {isa = PBXBuildFile; fileRef = 0EDF4DC418210241007161E0 /* ASIS3Request.m */; settings = {COMPILER_FLAGS = "-fno-objc-arc"; }; };
		0EDF4DF018210241007161E0 /* ASIS3ServiceRequest.m in Sources */ = {isa = PBXBuildFile; fileRef = 0EDF4DC618210241007161E0 /* ASIS3ServiceRequest.m */; settings = {COMPILER_FLAGS = "-fno-objc-arc"; }; };
		0EDF4DF118210241007161E0 /* RJDBKit.m in Sources */ = {isa = PBXBuildFile; fileRef = 0EDF4DCA18210241007161E0 /* RJDBKit.m */; settings = {COMPILER_FLAGS = "-fno-objc-arc"; }; };
		0EDF4DF218210241007161E0 /* RJFileUtils.m in Sources */ = {isa = PBXBuildFile; fileRef = 0EDF4DCC18210241007161E0 /* RJFileUtils.m */; settings = {COMPILER_FLAGS = "-fno-objc-arc"; }; };
		0EDF4DF318210241007161E0 /* GTMNSString+HTML.m in Sources */ = {isa = PBXBuildFile; fileRef = 0EDF4DCF18210241007161E0 /* GTMNSString+HTML.m */; settings = {COMPILER_FLAGS = "-fno-objc-arc"; }; };
		0EDF4DF418210241007161E0 /* NSString+HTML.m in Sources */ = {isa = PBXBuildFile; fileRef = 0EDF4DD418210241007161E0 /* NSString+HTML.m */; settings = {COMPILER_FLAGS = "-fno-objc-arc"; }; };
		0EDF4DF518210241007161E0 /* NSString+URLEncoding.m in Sources */ = {isa = PBXBuildFile; fileRef = 0EDF4DD618210241007161E0 /* NSString+URLEncoding.m */; settings = {COMPILER_FLAGS = "-fno-objc-arc"; }; };
		0EDF4DF618210241007161E0 /* Reachability.m in Sources */ = {isa = PBXBuildFile; fileRef = 0EDF4DD918210241007161E0 /* Reachability.m */; settings = {COMPILER_FLAGS = "-fno-objc-arc"; }; };
		0EDF4DFD1821028F007161E0 /* Utility.m in Sources */ = {isa = PBXBuildFile; fileRef = 0EDF4DF91821028F007161E0 /* Utility.m */; settings = {COMPILER_FLAGS = "-fno-objc-arc"; }; };
		0EDF4DFE1821028F007161E0 /* NSDictionary+AllKeytoLowerCase.m in Sources */ = {isa = PBXBuildFile; fileRef = 0EDF4DFC1821028F007161E0 /* NSDictionary+AllKeytoLowerCase.m */; };
		0EDF4E011821029B007161E0 /* CaiJinTongManager.m in Sources */ = {isa = PBXBuildFile; fileRef = 0EDF4E001821029B007161E0 /* CaiJinTongManager.m */; };
		0EDF4E03182102AB007161E0 /* Security.framework in Frameworks */ = {isa = PBXBuildFile; fileRef = 0EDF4E02182102AB007161E0 /* Security.framework */; };
		0EDF4E05182102B6007161E0 /* SystemConfiguration.framework in Frameworks */ = {isa = PBXBuildFile; fileRef = 0EDF4E04182102B6007161E0 /* SystemConfiguration.framework */; };
		0EDF4E07182102BD007161E0 /* MobileCoreServices.framework in Frameworks */ = {isa = PBXBuildFile; fileRef = 0EDF4E06182102BD007161E0 /* MobileCoreServices.framework */; };
		0EDF4E09182102C3007161E0 /* QuartzCore.framework in Frameworks */ = {isa = PBXBuildFile; fileRef = 0EDF4E08182102C3007161E0 /* QuartzCore.framework */; };
		0EDF4E0B182102CA007161E0 /* CFNetwork.framework in Frameworks */ = {isa = PBXBuildFile; fileRef = 0EDF4E0A182102CA007161E0 /* CFNetwork.framework */; };
		0EDF4E0D182102D7007161E0 /* libxml2.dylib in Frameworks */ = {isa = PBXBuildFile; fileRef = 0EDF4E0C182102D7007161E0 /* libxml2.dylib */; };
		0EDF4E0F182102DD007161E0 /* libsqlite3.0.dylib in Frameworks */ = {isa = PBXBuildFile; fileRef = 0EDF4E0E182102DD007161E0 /* libsqlite3.0.dylib */; };
		0EDF4E11182102E7007161E0 /* libz.dylib in Frameworks */ = {isa = PBXBuildFile; fileRef = 0EDF4E10182102E7007161E0 /* libz.dylib */; };
		630B03AB1820F5BB00F72C4C /* Foundation.framework in Frameworks */ = {isa = PBXBuildFile; fileRef = 630B03AA1820F5BB00F72C4C /* Foundation.framework */; };
		630B03AD1820F5BB00F72C4C /* CoreGraphics.framework in Frameworks */ = {isa = PBXBuildFile; fileRef = 630B03AC1820F5BB00F72C4C /* CoreGraphics.framework */; };
		630B03AF1820F5BB00F72C4C /* UIKit.framework in Frameworks */ = {isa = PBXBuildFile; fileRef = 630B03AE1820F5BB00F72C4C /* UIKit.framework */; };
		630B03B51820F5BB00F72C4C /* InfoPlist.strings in Resources */ = {isa = PBXBuildFile; fileRef = 630B03B31820F5BB00F72C4C /* InfoPlist.strings */; };
		630B03B71820F5BB00F72C4C /* main.m in Sources */ = {isa = PBXBuildFile; fileRef = 630B03B61820F5BB00F72C4C /* main.m */; };
		630B03BB1820F5BB00F72C4C /* AppDelegate.m in Sources */ = {isa = PBXBuildFile; fileRef = 630B03BA1820F5BB00F72C4C /* AppDelegate.m */; };
		630B03BE1820F5BB00F72C4C /* Main_iPhone.storyboard in Resources */ = {isa = PBXBuildFile; fileRef = 630B03BC1820F5BB00F72C4C /* Main_iPhone.storyboard */; };
		630B03C11820F5BB00F72C4C /* Main_iPad.storyboard in Resources */ = {isa = PBXBuildFile; fileRef = 630B03BF1820F5BB00F72C4C /* Main_iPad.storyboard */; };
		630B03C41820F5BB00F72C4C /* ViewController.m in Sources */ = {isa = PBXBuildFile; fileRef = 630B03C31820F5BB00F72C4C /* ViewController.m */; };
		630B03C61820F5BB00F72C4C /* Images.xcassets in Resources */ = {isa = PBXBuildFile; fileRef = 630B03C51820F5BB00F72C4C /* Images.xcassets */; };
		630B03CD1820F5BC00F72C4C /* XCTest.framework in Frameworks */ = {isa = PBXBuildFile; fileRef = 630B03CC1820F5BC00F72C4C /* XCTest.framework */; };
		630B03CE1820F5BC00F72C4C /* Foundation.framework in Frameworks */ = {isa = PBXBuildFile; fileRef = 630B03AA1820F5BB00F72C4C /* Foundation.framework */; };
		630B03CF1820F5BC00F72C4C /* UIKit.framework in Frameworks */ = {isa = PBXBuildFile; fileRef = 630B03AE1820F5BB00F72C4C /* UIKit.framework */; };
		630B03D71820F5BC00F72C4C /* InfoPlist.strings in Resources */ = {isa = PBXBuildFile; fileRef = 630B03D51820F5BC00F72C4C /* InfoPlist.strings */; };
		630B03D91820F5BC00F72C4C /* CaiJinTongAppTests.m in Sources */ = {isa = PBXBuildFile; fileRef = 630B03D81820F5BC00F72C4C /* CaiJinTongAppTests.m */; };
		6323875A1822056000C71535 /* LoginViewController.m in Sources */ = {isa = PBXBuildFile; fileRef = 632387591822056000C71535 /* LoginViewController.m */; };
		6323875D18220E7D00C71535 /* ForgotPwdViewController.m in Sources */ = {isa = PBXBuildFile; fileRef = 6323875C18220E7D00C71535 /* ForgotPwdViewController.m */; };
		6323876018222A1500C71535 /* DRNaviGationBarController.m in Sources */ = {isa = PBXBuildFile; fileRef = 6323875F18222A1500C71535 /* DRNaviGationBarController.m */; };
		6323876318223E9500C71535 /* DRNavigationBar.m in Sources */ = {isa = PBXBuildFile; fileRef = 6323876218223E9500C71535 /* DRNavigationBar.m */; };
/* End PBXBuildFile section */

/* Begin PBXContainerItemProxy section */
		630B03D01820F5BC00F72C4C /* PBXContainerItemProxy */ = {
			isa = PBXContainerItemProxy;
			containerPortal = 630B039F1820F5BB00F72C4C /* Project object */;
			proxyType = 1;
			remoteGlobalIDString = 630B03A61820F5BB00F72C4C;
			remoteInfo = CaiJinTongApp;
		};
/* End PBXContainerItemProxy section */

/* Begin PBXFileReference section */
		0EA7EF07182336B600C47F69 /* chapterModel.h */ = {isa = PBXFileReference; fileEncoding = 4; lastKnownFileType = sourcecode.c.h; path = chapterModel.h; sourceTree = "<group>"; };
		0EA7EF08182336B600C47F69 /* chapterModel.m */ = {isa = PBXFileReference; fileEncoding = 4; lastKnownFileType = sourcecode.c.objc; path = chapterModel.m; sourceTree = "<group>"; };
		0EA7EF0A18233B0000C47F69 /* jiantou_up.png */ = {isa = PBXFileReference; lastKnownFileType = image.png; path = jiantou_up.png; sourceTree = "<group>"; };
		0EA7EF0B18233B0000C47F69 /* jiantou_down.png */ = {isa = PBXFileReference; lastKnownFileType = image.png; path = jiantou_down.png; sourceTree = "<group>"; };
		0EA7EF0E18233CDC00C47F69 /* LessonModel.h */ = {isa = PBXFileReference; fileEncoding = 4; lastKnownFileType = sourcecode.c.h; path = LessonModel.h; sourceTree = "<group>"; };
		0EA7EF0F18233CDC00C47F69 /* LessonModel.m */ = {isa = PBXFileReference; fileEncoding = 4; lastKnownFileType = sourcecode.c.objc; path = LessonModel.m; sourceTree = "<group>"; };
		0EA7EF11182349AF00C47F69 /* SectionInfoInterface.h */ = {isa = PBXFileReference; fileEncoding = 4; lastKnownFileType = sourcecode.c.h; path = SectionInfoInterface.h; sourceTree = "<group>"; };
		0EA7EF12182349AF00C47F69 /* SectionInfoInterface.m */ = {isa = PBXFileReference; fileEncoding = 4; lastKnownFileType = sourcecode.c.objc; path = SectionInfoInterface.m; sourceTree = "<group>"; };
		0EA7EF1418234A0400C47F69 /* GradeInterface.h */ = {isa = PBXFileReference; fileEncoding = 4; lastKnownFileType = sourcecode.c.h; path = GradeInterface.h; sourceTree = "<group>"; };
		0EA7EF1518234A0400C47F69 /* GradeInterface.m */ = {isa = PBXFileReference; fileEncoding = 4; lastKnownFileType = sourcecode.c.objc; path = GradeInterface.m; sourceTree = "<group>"; };
		0EA7EF1718234A7500C47F69 /* CommentListInterface.h */ = {isa = PBXFileReference; fileEncoding = 4; lastKnownFileType = sourcecode.c.h; path = CommentListInterface.h; sourceTree = "<group>"; };
		0EA7EF1818234A7500C47F69 /* CommentListInterface.m */ = {isa = PBXFileReference; fileEncoding = 4; lastKnownFileType = sourcecode.c.objc; path = CommentListInterface.m; sourceTree = "<group>"; };
		0EA7EF1A18234AC600C47F69 /* SearchLessonInterface.h */ = {isa = PBXFileReference; fileEncoding = 4; lastKnownFileType = sourcecode.c.h; path = SearchLessonInterface.h; sourceTree = "<group>"; };
		0EA7EF1B18234AC600C47F69 /* SearchLessonInterface.m */ = {isa = PBXFileReference; fileEncoding = 4; lastKnownFileType = sourcecode.c.objc; path = SearchLessonInterface.m; sourceTree = "<group>"; };
		0EA7EF1D18234B5600C47F69 /* QuestionInfoInterface.h */ = {isa = PBXFileReference; fileEncoding = 4; lastKnownFileType = sourcecode.c.h; path = QuestionInfoInterface.h; sourceTree = "<group>"; };
		0EA7EF1E18234B5600C47F69 /* QuestionInfoInterface.m */ = {isa = PBXFileReference; fileEncoding = 4; lastKnownFileType = sourcecode.c.objc; path = QuestionInfoInterface.m; sourceTree = "<group>"; };
		0EA7EF2018234BA100C47F69 /* QuestionListInterface.h */ = {isa = PBXFileReference; fileEncoding = 4; lastKnownFileType = sourcecode.c.h; path = QuestionListInterface.h; sourceTree = "<group>"; };
		0EA7EF2118234BA100C47F69 /* QuestionListInterface.m */ = {isa = PBXFileReference; fileEncoding = 4; lastKnownFileType = sourcecode.c.objc; path = QuestionListInterface.m; sourceTree = "<group>"; };
		0EA7EF2318234BE900C47F69 /* AcceptAnswerInterface.h */ = {isa = PBXFileReference; fileEncoding = 4; lastKnownFileType = sourcecode.c.h; path = AcceptAnswerInterface.h; sourceTree = "<group>"; };
		0EA7EF2418234BE900C47F69 /* AcceptAnswerInterface.m */ = {isa = PBXFileReference; fileEncoding = 4; lastKnownFileType = sourcecode.c.objc; path = AcceptAnswerInterface.m; sourceTree = "<group>"; };
		0EA7EF2618234CDC00C47F69 /* ChapterQuestionInterface.h */ = {isa = PBXFileReference; fileEncoding = 4; lastKnownFileType = sourcecode.c.h; path = ChapterQuestionInterface.h; sourceTree = "<group>"; };
		0EA7EF2718234CDC00C47F69 /* ChapterQuestionInterface.m */ = {isa = PBXFileReference; fileEncoding = 4; lastKnownFileType = sourcecode.c.objc; path = ChapterQuestionInterface.m; sourceTree = "<group>"; };
		0EA7EF2C18234D6200C47F69 /* AnswerPraiseInterface.h */ = {isa = PBXFileReference; fileEncoding = 4; lastKnownFileType = sourcecode.c.h; path = AnswerPraiseInterface.h; sourceTree = "<group>"; };
		0EA7EF2D18234D6200C47F69 /* AnswerPraiseInterface.m */ = {isa = PBXFileReference; fileEncoding = 4; lastKnownFileType = sourcecode.c.objc; path = AnswerPraiseInterface.m; sourceTree = "<group>"; };
		0EA7EF2F18234D8D00C47F69 /* GetUserQuestionInterface.h */ = {isa = PBXFileReference; fileEncoding = 4; lastKnownFileType = sourcecode.c.h; path = GetUserQuestionInterface.h; sourceTree = "<group>"; };
		0EA7EF3018234D8D00C47F69 /* GetUserQuestionInterface.m */ = {isa = PBXFileReference; fileEncoding = 4; lastKnownFileType = sourcecode.c.objc; path = GetUserQuestionInterface.m; sourceTree = "<group>"; };
		0EA7EF3518234F9000C47F69 /* SearchQuestionInterface.h */ = {isa = PBXFileReference; fileEncoding = 4; lastKnownFileType = sourcecode.c.h; path = SearchQuestionInterface.h; sourceTree = "<group>"; };
		0EA7EF3618234F9000C47F69 /* SearchQuestionInterface.m */ = {isa = PBXFileReference; fileEncoding = 4; lastKnownFileType = sourcecode.c.objc; path = SearchQuestionInterface.m; sourceTree = "<group>"; };
		0EA7EF381823581F00C47F69 /* SectionModel.h */ = {isa = PBXFileReference; fileEncoding = 4; lastKnownFileType = sourcecode.c.h; path = SectionModel.h; sourceTree = "<group>"; };
		0EA7EF391823581F00C47F69 /* SectionModel.m */ = {isa = PBXFileReference; fileEncoding = 4; lastKnownFileType = sourcecode.c.objc; path = SectionModel.m; sourceTree = "<group>"; };
		0EA7EF3B182379E200C47F69 /* NoteModel.h */ = {isa = PBXFileReference; fileEncoding = 4; lastKnownFileType = sourcecode.c.h; path = NoteModel.h; sourceTree = "<group>"; };
		0EA7EF3C182379E200C47F69 /* NoteModel.m */ = {isa = PBXFileReference; fileEncoding = 4; lastKnownFileType = sourcecode.c.objc; path = NoteModel.m; sourceTree = "<group>"; };
		0EA7EF3E18237A0D00C47F69 /* CommentModel.h */ = {isa = PBXFileReference; fileEncoding = 4; lastKnownFileType = sourcecode.c.h; path = CommentModel.h; sourceTree = "<group>"; };
		0EA7EF3F18237A0D00C47F69 /* CommentModel.m */ = {isa = PBXFileReference; fileEncoding = 4; lastKnownFileType = sourcecode.c.objc; path = CommentModel.m; sourceTree = "<group>"; };
		0EA7EF4118238C8A00C47F69 /* LessonQuestionModel.h */ = {isa = PBXFileReference; fileEncoding = 4; lastKnownFileType = sourcecode.c.h; path = LessonQuestionModel.h; sourceTree = "<group>"; };
		0EA7EF4218238C8A00C47F69 /* LessonQuestionModel.m */ = {isa = PBXFileReference; fileEncoding = 4; lastKnownFileType = sourcecode.c.objc; path = LessonQuestionModel.m; sourceTree = "<group>"; };
		0EA7EF4418238CC600C47F69 /* ChapterQuestionModel.h */ = {isa = PBXFileReference; fileEncoding = 4; lastKnownFileType = sourcecode.c.h; path = ChapterQuestionModel.h; sourceTree = "<group>"; };
		0EA7EF4518238CC600C47F69 /* ChapterQuestionModel.m */ = {isa = PBXFileReference; fileEncoding = 4; lastKnownFileType = sourcecode.c.objc; path = ChapterQuestionModel.m; sourceTree = "<group>"; };
		0EA7EF4718238D4600C47F69 /* QuestionModel.h */ = {isa = PBXFileReference; fileEncoding = 4; lastKnownFileType = sourcecode.c.h; path = QuestionModel.h; sourceTree = "<group>"; };
		0EA7EF4818238D4600C47F69 /* QuestionModel.m */ = {isa = PBXFileReference; fileEncoding = 4; lastKnownFileType = sourcecode.c.objc; path = QuestionModel.m; sourceTree = "<group>"; };
		0EA7EF4A18238DF600C47F69 /* AnswerModel.h */ = {isa = PBXFileReference; fileEncoding = 4; lastKnownFileType = sourcecode.c.h; path = AnswerModel.h; sourceTree = "<group>"; };
		0EA7EF4B18238DF600C47F69 /* AnswerModel.m */ = {isa = PBXFileReference; fileEncoding = 4; lastKnownFileType = sourcecode.c.objc; path = AnswerModel.m; sourceTree = "<group>"; };
		0EA7EF4D1823A98600C47F69 /* PlayVideoInterface.h */ = {isa = PBXFileReference; fileEncoding = 4; lastKnownFileType = sourcecode.c.h; path = PlayVideoInterface.h; sourceTree = "<group>"; };
		0EA7EF4E1823A98600C47F69 /* PlayVideoInterface.m */ = {isa = PBXFileReference; fileEncoding = 4; lastKnownFileType = sourcecode.c.objc; path = PlayVideoInterface.m; sourceTree = "<group>"; };
		0EA7EF501823A99700C47F69 /* PlayBackInterface.h */ = {isa = PBXFileReference; fileEncoding = 4; lastKnownFileType = sourcecode.c.h; path = PlayBackInterface.h; sourceTree = "<group>"; };
		0EA7EF511823A99700C47F69 /* PlayBackInterface.m */ = {isa = PBXFileReference; fileEncoding = 4; lastKnownFileType = sourcecode.c.objc; path = PlayBackInterface.m; sourceTree = "<group>"; };
		0EA7EF531823ACCC00C47F69 /* SumitNoteInterface.h */ = {isa = PBXFileReference; fileEncoding = 4; lastKnownFileType = sourcecode.c.h; path = SumitNoteInterface.h; sourceTree = "<group>"; };
		0EA7EF541823ACCC00C47F69 /* SumitNoteInterface.m */ = {isa = PBXFileReference; fileEncoding = 4; lastKnownFileType = sourcecode.c.objc; path = SumitNoteInterface.m; sourceTree = "<group>"; };
		0EA7EF591823ADF100C47F69 /* SubmitAnswerInterface.h */ = {isa = PBXFileReference; fileEncoding = 4; lastKnownFileType = sourcecode.c.h; path = SubmitAnswerInterface.h; sourceTree = "<group>"; };
		0EA7EF5A1823ADF100C47F69 /* SubmitAnswerInterface.m */ = {isa = PBXFileReference; fileEncoding = 4; lastKnownFileType = sourcecode.c.objc; path = SubmitAnswerInterface.m; sourceTree = "<group>"; };
		0EA7EF5C1823AE1800C47F69 /* AskQuestionInterface.h */ = {isa = PBXFileReference; fileEncoding = 4; lastKnownFileType = sourcecode.c.h; path = AskQuestionInterface.h; sourceTree = "<group>"; };
		0EA7EF5D1823AE1800C47F69 /* AskQuestionInterface.m */ = {isa = PBXFileReference; fileEncoding = 4; lastKnownFileType = sourcecode.c.objc; path = AskQuestionInterface.m; sourceTree = "<group>"; };
		0EA7EF5F1823B0EC00C47F69 /* AnswerListInterface.h */ = {isa = PBXFileReference; fileEncoding = 4; lastKnownFileType = sourcecode.c.h; path = AnswerListInterface.h; sourceTree = "<group>"; };
		0EA7EF601823B0EC00C47F69 /* AnswerListInterface.m */ = {isa = PBXFileReference; fileEncoding = 4; lastKnownFileType = sourcecode.c.objc; path = AnswerListInterface.m; sourceTree = "<group>"; };
		0EA7EF621823B1FC00C47F69 /* answerList.json */ = {isa = PBXFileReference; fileEncoding = 4; lastKnownFileType = text.json; path = answerList.json; sourceTree = "<group>"; };
		0EAFA0D51822167800D01D3E /* acceptAnswer.json */ = {isa = PBXFileReference; fileEncoding = 4; lastKnownFileType = text.json; path = acceptAnswer.json; sourceTree = "<group>"; };
		0EAFA0D61822167800D01D3E /* answerPraise.json */ = {isa = PBXFileReference; fileEncoding = 4; lastKnownFileType = text.json; path = answerPraise.json; sourceTree = "<group>"; };
		0EAFA0D71822167800D01D3E /* askQuestion.json */ = {isa = PBXFileReference; fileEncoding = 4; lastKnownFileType = text.json; path = askQuestion.json; sourceTree = "<group>"; };
		0EAFA0D81822167800D01D3E /* chapterInfo.json */ = {isa = PBXFileReference; fileEncoding = 4; lastKnownFileType = text.json; path = chapterInfo.json; sourceTree = "<group>"; };
		0EAFA0D91822167800D01D3E /* chapterQuestion.json */ = {isa = PBXFileReference; fileEncoding = 4; lastKnownFileType = text.json; path = chapterQuestion.json; sourceTree = "<group>"; };
		0EAFA0DA1822167800D01D3E /* commentList.json */ = {isa = PBXFileReference; fileEncoding = 4; lastKnownFileType = text.json; path = commentList.json; sourceTree = "<group>"; };
		0EAFA0DB1822167800D01D3E /* findPassWord.json */ = {isa = PBXFileReference; fileEncoding = 4; lastKnownFileType = text.json; path = findPassWord.json; sourceTree = "<group>"; };
		0EAFA0DC1822167800D01D3E /* getUserQuestion.json */ = {isa = PBXFileReference; fileEncoding = 4; lastKnownFileType = text.json; path = getUserQuestion.json; sourceTree = "<group>"; };
		0EAFA0DD1822167800D01D3E /* grade.json */ = {isa = PBXFileReference; fileEncoding = 4; lastKnownFileType = text.json; path = grade.json; sourceTree = "<group>"; };
		0EAFA0DE1822167800D01D3E /* lessonInfo.json */ = {isa = PBXFileReference; fileEncoding = 4; lastKnownFileType = text.json; path = lessonInfo.json; sourceTree = "<group>"; };
		0EAFA0DF1822167800D01D3E /* logIn.json */ = {isa = PBXFileReference; fileEncoding = 4; lastKnownFileType = text.json; path = logIn.json; sourceTree = "<group>"; };
		0EAFA0E01822167800D01D3E /* playBack.json */ = {isa = PBXFileReference; fileEncoding = 4; lastKnownFileType = text.json; path = playBack.json; sourceTree = "<group>"; };
		0EAFA0E11822167800D01D3E /* playVideo.json */ = {isa = PBXFileReference; fileEncoding = 4; lastKnownFileType = text.json; path = playVideo.json; sourceTree = "<group>"; };
		0EAFA0E21822167800D01D3E /* questionInfo.json */ = {isa = PBXFileReference; fileEncoding = 4; lastKnownFileType = text.json; path = questionInfo.json; sourceTree = "<group>"; };
		0EAFA0E31822167800D01D3E /* questionList.json */ = {isa = PBXFileReference; fileEncoding = 4; lastKnownFileType = text.json; path = questionList.json; sourceTree = "<group>"; };
		0EAFA0E41822167800D01D3E /* searchLesson.json */ = {isa = PBXFileReference; fileEncoding = 4; lastKnownFileType = text.json; path = searchLesson.json; sourceTree = "<group>"; };
		0EAFA0E51822167800D01D3E /* searchQuestion.json */ = {isa = PBXFileReference; fileEncoding = 4; lastKnownFileType = text.json; path = searchQuestion.json; sourceTree = "<group>"; };
		0EAFA0E61822167800D01D3E /* sectionInfo.json */ = {isa = PBXFileReference; fileEncoding = 4; lastKnownFileType = text.json; path = sectionInfo.json; sourceTree = "<group>"; };
		0EAFA0E71822167800D01D3E /* submitAnswer.json */ = {isa = PBXFileReference; fileEncoding = 4; lastKnownFileType = text.json; path = submitAnswer.json; sourceTree = "<group>"; };
		0EAFA0E81822167800D01D3E /* submitNote.json */ = {isa = PBXFileReference; fileEncoding = 4; lastKnownFileType = text.json; path = submitNote.json; sourceTree = "<group>"; };
		0EAFA0E91822167800D01D3E /* suggestion.json */ = {isa = PBXFileReference; fileEncoding = 4; lastKnownFileType = text.json; path = suggestion.json; sourceTree = "<group>"; };
		0EAFA105182223BD00D01D3E /* loginBgImage_v.png */ = {isa = PBXFileReference; lastKnownFileType = image.png; path = loginBgImage_v.png; sourceTree = "<group>"; };
		0EAFA106182223BD00D01D3E /* loginBgImage_v@2x.png */ = {isa = PBXFileReference; lastKnownFileType = image.png; path = "loginBgImage_v@2x.png"; sourceTree = "<group>"; };
		0EAFA10C1822399000D01D3E /* BaseInterface.h */ = {isa = PBXFileReference; fileEncoding = 4; lastKnownFileType = sourcecode.c.h; path = BaseInterface.h; sourceTree = "<group>"; };
		0EAFA10D1822399000D01D3E /* BaseInterface.m */ = {isa = PBXFileReference; fileEncoding = 4; lastKnownFileType = sourcecode.c.objc; path = BaseInterface.m; sourceTree = "<group>"; };
		0EAFA10E1822399000D01D3E /* InterfaceCache.h */ = {isa = PBXFileReference; fileEncoding = 4; lastKnownFileType = sourcecode.c.h; path = InterfaceCache.h; sourceTree = "<group>"; };
		0EAFA10F1822399000D01D3E /* InterfaceCache.m */ = {isa = PBXFileReference; fileEncoding = 4; lastKnownFileType = sourcecode.c.objc; path = InterfaceCache.m; sourceTree = "<group>"; };
		0EAFA1101822399000D01D3E /* LogInterface.h */ = {isa = PBXFileReference; fileEncoding = 4; lastKnownFileType = sourcecode.c.h; path = LogInterface.h; sourceTree = "<group>"; };
		0EAFA1111822399000D01D3E /* LogInterface.m */ = {isa = PBXFileReference; fileEncoding = 4; lastKnownFileType = sourcecode.c.objc; path = LogInterface.m; sourceTree = "<group>"; };
		0EAFA11518223E5D00D01D3E /* CJTToolbarView.h */ = {isa = PBXFileReference; fileEncoding = 4; lastKnownFileType = sourcecode.c.h; path = CJTToolbarView.h; sourceTree = "<group>"; };
		0EAFA11618223E5D00D01D3E /* CJTToolbarView.m */ = {isa = PBXFileReference; fileEncoding = 4; lastKnownFileType = sourcecode.c.objc; path = CJTToolbarView.m; sourceTree = "<group>"; };
		0EAFA11818223FC500D01D3E /* CJTMainToolbar.h */ = {isa = PBXFileReference; fileEncoding = 4; lastKnownFileType = sourcecode.c.h; path = CJTMainToolbar.h; sourceTree = "<group>"; };
		0EAFA11918223FC500D01D3E /* CJTMainToolbar.m */ = {isa = PBXFileReference; fileEncoding = 4; lastKnownFileType = sourcecode.c.objc; path = CJTMainToolbar.m; sourceTree = "<group>"; };
		0EAFA11E1822464700D01D3E /* FindPassWordInterface.h */ = {isa = PBXFileReference; fileEncoding = 4; lastKnownFileType = sourcecode.c.h; path = FindPassWordInterface.h; sourceTree = "<group>"; };
		0EAFA11F1822464700D01D3E /* FindPassWordInterface.m */ = {isa = PBXFileReference; fileEncoding = 4; lastKnownFileType = sourcecode.c.objc; path = FindPassWordInterface.m; sourceTree = "<group>"; };
		0EAFA1211822485500D01D3E /* LessonInfoInterface.h */ = {isa = PBXFileReference; fileEncoding = 4; lastKnownFileType = sourcecode.c.h; path = LessonInfoInterface.h; sourceTree = "<group>"; };
		0EAFA1221822485500D01D3E /* LessonInfoInterface.m */ = {isa = PBXFileReference; fileEncoding = 4; lastKnownFileType = sourcecode.c.objc; path = LessonInfoInterface.m; sourceTree = "<group>"; };
		0EAFA1241822488700D01D3E /* ChapterInfoInterface.h */ = {isa = PBXFileReference; fileEncoding = 4; lastKnownFileType = sourcecode.c.h; path = ChapterInfoInterface.h; sourceTree = "<group>"; };
		0EAFA1251822488700D01D3E /* ChapterInfoInterface.m */ = {isa = PBXFileReference; fileEncoding = 4; lastKnownFileType = sourcecode.c.objc; path = ChapterInfoInterface.m; sourceTree = "<group>"; };
		0EAFA12A18224C2700D01D3E /* LessonViewController.h */ = {isa = PBXFileReference; fileEncoding = 4; lastKnownFileType = sourcecode.c.h; path = LessonViewController.h; sourceTree = "<group>"; };
		0EAFA12B18224C2700D01D3E /* LessonViewController.m */ = {isa = PBXFileReference; fileEncoding = 4; lastKnownFileType = sourcecode.c.objc; path = LessonViewController.m; sourceTree = "<group>"; };
		0EDF4D8F18210202007161E0 /* DownloadService.h */ = {isa = PBXFileReference; fileEncoding = 4; lastKnownFileType = sourcecode.c.h; path = DownloadService.h; sourceTree = "<group>"; };
		0EDF4D9018210202007161E0 /* DownloadService.m */ = {isa = PBXFileReference; fileEncoding = 4; lastKnownFileType = sourcecode.c.objc; path = DownloadService.m; sourceTree = "<group>"; };
		0EDF4D9418210241007161E0 /* ASIWebPageRequest.h */ = {isa = PBXFileReference; fileEncoding = 4; lastKnownFileType = sourcecode.c.h; path = ASIWebPageRequest.h; sourceTree = "<group>"; };
		0EDF4D9518210241007161E0 /* ASIWebPageRequest.m */ = {isa = PBXFileReference; fileEncoding = 4; lastKnownFileType = sourcecode.c.objc; path = ASIWebPageRequest.m; sourceTree = "<group>"; };
		0EDF4D9718210241007161E0 /* ASICloudFilesCDNRequest.h */ = {isa = PBXFileReference; fileEncoding = 4; lastKnownFileType = sourcecode.c.h; path = ASICloudFilesCDNRequest.h; sourceTree = "<group>"; };
		0EDF4D9818210241007161E0 /* ASICloudFilesCDNRequest.m */ = {isa = PBXFileReference; fileEncoding = 4; lastKnownFileType = sourcecode.c.objc; path = ASICloudFilesCDNRequest.m; sourceTree = "<group>"; };
		0EDF4D9918210241007161E0 /* ASICloudFilesContainer.h */ = {isa = PBXFileReference; fileEncoding = 4; lastKnownFileType = sourcecode.c.h; path = ASICloudFilesContainer.h; sourceTree = "<group>"; };
		0EDF4D9A18210241007161E0 /* ASICloudFilesContainer.m */ = {isa = PBXFileReference; fileEncoding = 4; lastKnownFileType = sourcecode.c.objc; path = ASICloudFilesContainer.m; sourceTree = "<group>"; };
		0EDF4D9B18210241007161E0 /* ASICloudFilesContainerRequest.h */ = {isa = PBXFileReference; fileEncoding = 4; lastKnownFileType = sourcecode.c.h; path = ASICloudFilesContainerRequest.h; sourceTree = "<group>"; };
		0EDF4D9C18210241007161E0 /* ASICloudFilesContainerRequest.m */ = {isa = PBXFileReference; fileEncoding = 4; lastKnownFileType = sourcecode.c.objc; path = ASICloudFilesContainerRequest.m; sourceTree = "<group>"; };
		0EDF4D9D18210241007161E0 /* ASICloudFilesContainerXMLParserDelegate.h */ = {isa = PBXFileReference; fileEncoding = 4; lastKnownFileType = sourcecode.c.h; path = ASICloudFilesContainerXMLParserDelegate.h; sourceTree = "<group>"; };
		0EDF4D9E18210241007161E0 /* ASICloudFilesContainerXMLParserDelegate.m */ = {isa = PBXFileReference; fileEncoding = 4; lastKnownFileType = sourcecode.c.objc; path = ASICloudFilesContainerXMLParserDelegate.m; sourceTree = "<group>"; };
		0EDF4D9F18210241007161E0 /* ASICloudFilesObject.h */ = {isa = PBXFileReference; fileEncoding = 4; lastKnownFileType = sourcecode.c.h; path = ASICloudFilesObject.h; sourceTree = "<group>"; };
		0EDF4DA018210241007161E0 /* ASICloudFilesObject.m */ = {isa = PBXFileReference; fileEncoding = 4; lastKnownFileType = sourcecode.c.objc; path = ASICloudFilesObject.m; sourceTree = "<group>"; };
		0EDF4DA118210241007161E0 /* ASICloudFilesObjectRequest.h */ = {isa = PBXFileReference; fileEncoding = 4; lastKnownFileType = sourcecode.c.h; path = ASICloudFilesObjectRequest.h; sourceTree = "<group>"; };
		0EDF4DA218210241007161E0 /* ASICloudFilesObjectRequest.m */ = {isa = PBXFileReference; fileEncoding = 4; lastKnownFileType = sourcecode.c.objc; path = ASICloudFilesObjectRequest.m; sourceTree = "<group>"; };
		0EDF4DA318210241007161E0 /* ASICloudFilesRequest.h */ = {isa = PBXFileReference; fileEncoding = 4; lastKnownFileType = sourcecode.c.h; path = ASICloudFilesRequest.h; sourceTree = "<group>"; };
		0EDF4DA418210241007161E0 /* ASICloudFilesRequest.m */ = {isa = PBXFileReference; fileEncoding = 4; lastKnownFileType = sourcecode.c.objc; path = ASICloudFilesRequest.m; sourceTree = "<group>"; };
		0EDF4DA618210241007161E0 /* ASIAuthenticationDialog.h */ = {isa = PBXFileReference; fileEncoding = 4; lastKnownFileType = sourcecode.c.h; path = ASIAuthenticationDialog.h; sourceTree = "<group>"; };
		0EDF4DA718210241007161E0 /* ASIAuthenticationDialog.m */ = {isa = PBXFileReference; fileEncoding = 4; lastKnownFileType = sourcecode.c.objc; path = ASIAuthenticationDialog.m; sourceTree = "<group>"; };
		0EDF4DA818210241007161E0 /* ASICacheDelegate.h */ = {isa = PBXFileReference; fileEncoding = 4; lastKnownFileType = sourcecode.c.h; path = ASICacheDelegate.h; sourceTree = "<group>"; };
		0EDF4DA918210241007161E0 /* ASIDataCompressor.h */ = {isa = PBXFileReference; fileEncoding = 4; lastKnownFileType = sourcecode.c.h; path = ASIDataCompressor.h; sourceTree = "<group>"; };
		0EDF4DAA18210241007161E0 /* ASIDataCompressor.m */ = {isa = PBXFileReference; fileEncoding = 4; lastKnownFileType = sourcecode.c.objc; path = ASIDataCompressor.m; sourceTree = "<group>"; };
		0EDF4DAB18210241007161E0 /* ASIDataDecompressor.h */ = {isa = PBXFileReference; fileEncoding = 4; lastKnownFileType = sourcecode.c.h; path = ASIDataDecompressor.h; sourceTree = "<group>"; };
		0EDF4DAC18210241007161E0 /* ASIDataDecompressor.m */ = {isa = PBXFileReference; fileEncoding = 4; lastKnownFileType = sourcecode.c.objc; path = ASIDataDecompressor.m; sourceTree = "<group>"; };
		0EDF4DAD18210241007161E0 /* ASIDownloadCache.h */ = {isa = PBXFileReference; fileEncoding = 4; lastKnownFileType = sourcecode.c.h; path = ASIDownloadCache.h; sourceTree = "<group>"; };
		0EDF4DAE18210241007161E0 /* ASIDownloadCache.m */ = {isa = PBXFileReference; fileEncoding = 4; lastKnownFileType = sourcecode.c.objc; path = ASIDownloadCache.m; sourceTree = "<group>"; };
		0EDF4DAF18210241007161E0 /* ASIFormDataRequest.h */ = {isa = PBXFileReference; fileEncoding = 4; lastKnownFileType = sourcecode.c.h; path = ASIFormDataRequest.h; sourceTree = "<group>"; };
		0EDF4DB018210241007161E0 /* ASIFormDataRequest.m */ = {isa = PBXFileReference; fileEncoding = 4; lastKnownFileType = sourcecode.c.objc; path = ASIFormDataRequest.m; sourceTree = "<group>"; };
		0EDF4DB118210241007161E0 /* ASIHTTPRequest.h */ = {isa = PBXFileReference; fileEncoding = 4; lastKnownFileType = sourcecode.c.h; path = ASIHTTPRequest.h; sourceTree = "<group>"; };
		0EDF4DB218210241007161E0 /* ASIHTTPRequest.m */ = {isa = PBXFileReference; fileEncoding = 4; lastKnownFileType = sourcecode.c.objc; path = ASIHTTPRequest.m; sourceTree = "<group>"; };
		0EDF4DB318210241007161E0 /* ASIHTTPRequestConfig.h */ = {isa = PBXFileReference; fileEncoding = 4; lastKnownFileType = sourcecode.c.h; path = ASIHTTPRequestConfig.h; sourceTree = "<group>"; };
		0EDF4DB418210241007161E0 /* ASIHTTPRequestDelegate.h */ = {isa = PBXFileReference; fileEncoding = 4; lastKnownFileType = sourcecode.c.h; path = ASIHTTPRequestDelegate.h; sourceTree = "<group>"; };
		0EDF4DB518210241007161E0 /* ASIInputStream.h */ = {isa = PBXFileReference; fileEncoding = 4; lastKnownFileType = sourcecode.c.h; path = ASIInputStream.h; sourceTree = "<group>"; };
		0EDF4DB618210241007161E0 /* ASIInputStream.m */ = {isa = PBXFileReference; fileEncoding = 4; lastKnownFileType = sourcecode.c.objc; path = ASIInputStream.m; sourceTree = "<group>"; };
		0EDF4DB718210241007161E0 /* ASINetworkQueue.h */ = {isa = PBXFileReference; fileEncoding = 4; lastKnownFileType = sourcecode.c.h; path = ASINetworkQueue.h; sourceTree = "<group>"; };
		0EDF4DB818210241007161E0 /* ASINetworkQueue.m */ = {isa = PBXFileReference; fileEncoding = 4; lastKnownFileType = sourcecode.c.objc; path = ASINetworkQueue.m; sourceTree = "<group>"; };
		0EDF4DB918210241007161E0 /* ASIProgressDelegate.h */ = {isa = PBXFileReference; fileEncoding = 4; lastKnownFileType = sourcecode.c.h; path = ASIProgressDelegate.h; sourceTree = "<group>"; };
		0EDF4DBB18210241007161E0 /* ASIS3Bucket.h */ = {isa = PBXFileReference; fileEncoding = 4; lastKnownFileType = sourcecode.c.h; path = ASIS3Bucket.h; sourceTree = "<group>"; };
		0EDF4DBC18210241007161E0 /* ASIS3Bucket.m */ = {isa = PBXFileReference; fileEncoding = 4; lastKnownFileType = sourcecode.c.objc; path = ASIS3Bucket.m; sourceTree = "<group>"; };
		0EDF4DBD18210241007161E0 /* ASIS3BucketObject.h */ = {isa = PBXFileReference; fileEncoding = 4; lastKnownFileType = sourcecode.c.h; path = ASIS3BucketObject.h; sourceTree = "<group>"; };
		0EDF4DBE18210241007161E0 /* ASIS3BucketObject.m */ = {isa = PBXFileReference; fileEncoding = 4; lastKnownFileType = sourcecode.c.objc; path = ASIS3BucketObject.m; sourceTree = "<group>"; };
		0EDF4DBF18210241007161E0 /* ASIS3BucketRequest.h */ = {isa = PBXFileReference; fileEncoding = 4; lastKnownFileType = sourcecode.c.h; path = ASIS3BucketRequest.h; sourceTree = "<group>"; };
		0EDF4DC018210241007161E0 /* ASIS3BucketRequest.m */ = {isa = PBXFileReference; fileEncoding = 4; lastKnownFileType = sourcecode.c.objc; path = ASIS3BucketRequest.m; sourceTree = "<group>"; };
		0EDF4DC118210241007161E0 /* ASIS3ObjectRequest.h */ = {isa = PBXFileReference; fileEncoding = 4; lastKnownFileType = sourcecode.c.h; path = ASIS3ObjectRequest.h; sourceTree = "<group>"; };
		0EDF4DC218210241007161E0 /* ASIS3ObjectRequest.m */ = {isa = PBXFileReference; fileEncoding = 4; lastKnownFileType = sourcecode.c.objc; path = ASIS3ObjectRequest.m; sourceTree = "<group>"; };
		0EDF4DC318210241007161E0 /* ASIS3Request.h */ = {isa = PBXFileReference; fileEncoding = 4; lastKnownFileType = sourcecode.c.h; path = ASIS3Request.h; sourceTree = "<group>"; };
		0EDF4DC418210241007161E0 /* ASIS3Request.m */ = {isa = PBXFileReference; fileEncoding = 4; lastKnownFileType = sourcecode.c.objc; path = ASIS3Request.m; sourceTree = "<group>"; };
		0EDF4DC518210241007161E0 /* ASIS3ServiceRequest.h */ = {isa = PBXFileReference; fileEncoding = 4; lastKnownFileType = sourcecode.c.h; path = ASIS3ServiceRequest.h; sourceTree = "<group>"; };
		0EDF4DC618210241007161E0 /* ASIS3ServiceRequest.m */ = {isa = PBXFileReference; fileEncoding = 4; lastKnownFileType = sourcecode.c.objc; path = ASIS3ServiceRequest.m; sourceTree = "<group>"; };
		0EDF4DC918210241007161E0 /* RJDBKit.h */ = {isa = PBXFileReference; fileEncoding = 4; lastKnownFileType = sourcecode.c.h; path = RJDBKit.h; sourceTree = "<group>"; };
		0EDF4DCA18210241007161E0 /* RJDBKit.m */ = {isa = PBXFileReference; fileEncoding = 4; lastKnownFileType = sourcecode.c.objc; path = RJDBKit.m; sourceTree = "<group>"; };
		0EDF4DCB18210241007161E0 /* RJFileUtils.h */ = {isa = PBXFileReference; fileEncoding = 4; lastKnownFileType = sourcecode.c.h; path = RJFileUtils.h; sourceTree = "<group>"; };
		0EDF4DCC18210241007161E0 /* RJFileUtils.m */ = {isa = PBXFileReference; fileEncoding = 4; lastKnownFileType = sourcecode.c.objc; path = RJFileUtils.m; sourceTree = "<group>"; };
		0EDF4DCE18210241007161E0 /* GTMNSString+HTML.h */ = {isa = PBXFileReference; fileEncoding = 4; lastKnownFileType = sourcecode.c.h; path = "GTMNSString+HTML.h"; sourceTree = "<group>"; };
		0EDF4DCF18210241007161E0 /* GTMNSString+HTML.m */ = {isa = PBXFileReference; fileEncoding = 4; lastKnownFileType = sourcecode.c.objc; path = "GTMNSString+HTML.m"; sourceTree = "<group>"; };
		0EDF4DD318210241007161E0 /* NSString+HTML.h */ = {isa = PBXFileReference; fileEncoding = 4; lastKnownFileType = sourcecode.c.h; path = "NSString+HTML.h"; sourceTree = "<group>"; };
		0EDF4DD418210241007161E0 /* NSString+HTML.m */ = {isa = PBXFileReference; fileEncoding = 4; lastKnownFileType = sourcecode.c.objc; path = "NSString+HTML.m"; sourceTree = "<group>"; };
		0EDF4DD518210241007161E0 /* NSString+URLEncoding.h */ = {isa = PBXFileReference; fileEncoding = 4; lastKnownFileType = sourcecode.c.h; path = "NSString+URLEncoding.h"; sourceTree = "<group>"; };
		0EDF4DD618210241007161E0 /* NSString+URLEncoding.m */ = {isa = PBXFileReference; fileEncoding = 4; lastKnownFileType = sourcecode.c.objc; path = "NSString+URLEncoding.m"; sourceTree = "<group>"; };
		0EDF4DD818210241007161E0 /* Reachability.h */ = {isa = PBXFileReference; fileEncoding = 4; lastKnownFileType = sourcecode.c.h; path = Reachability.h; sourceTree = "<group>"; };
		0EDF4DD918210241007161E0 /* Reachability.m */ = {isa = PBXFileReference; fileEncoding = 4; lastKnownFileType = sourcecode.c.objc; path = Reachability.m; sourceTree = "<group>"; };
		0EDF4DF81821028F007161E0 /* Utility.h */ = {isa = PBXFileReference; fileEncoding = 4; lastKnownFileType = sourcecode.c.h; path = Utility.h; sourceTree = "<group>"; };
		0EDF4DF91821028F007161E0 /* Utility.m */ = {isa = PBXFileReference; fileEncoding = 4; lastKnownFileType = sourcecode.c.objc; path = Utility.m; sourceTree = "<group>"; };
		0EDF4DFA1821028F007161E0 /* Const.h */ = {isa = PBXFileReference; fileEncoding = 4; lastKnownFileType = sourcecode.c.h; path = Const.h; sourceTree = "<group>"; };
		0EDF4DFB1821028F007161E0 /* NSDictionary+AllKeytoLowerCase.h */ = {isa = PBXFileReference; fileEncoding = 4; lastKnownFileType = sourcecode.c.h; path = "NSDictionary+AllKeytoLowerCase.h"; sourceTree = "<group>"; };
		0EDF4DFC1821028F007161E0 /* NSDictionary+AllKeytoLowerCase.m */ = {isa = PBXFileReference; fileEncoding = 4; lastKnownFileType = sourcecode.c.objc; path = "NSDictionary+AllKeytoLowerCase.m"; sourceTree = "<group>"; };
		0EDF4DFF1821029B007161E0 /* CaiJinTongManager.h */ = {isa = PBXFileReference; fileEncoding = 4; lastKnownFileType = sourcecode.c.h; path = CaiJinTongManager.h; sourceTree = "<group>"; };
		0EDF4E001821029B007161E0 /* CaiJinTongManager.m */ = {isa = PBXFileReference; fileEncoding = 4; lastKnownFileType = sourcecode.c.objc; path = CaiJinTongManager.m; sourceTree = "<group>"; };
		0EDF4E02182102AB007161E0 /* Security.framework */ = {isa = PBXFileReference; lastKnownFileType = wrapper.framework; name = Security.framework; path = System/Library/Frameworks/Security.framework; sourceTree = SDKROOT; };
		0EDF4E04182102B6007161E0 /* SystemConfiguration.framework */ = {isa = PBXFileReference; lastKnownFileType = wrapper.framework; name = SystemConfiguration.framework; path = System/Library/Frameworks/SystemConfiguration.framework; sourceTree = SDKROOT; };
		0EDF4E06182102BD007161E0 /* MobileCoreServices.framework */ = {isa = PBXFileReference; lastKnownFileType = wrapper.framework; name = MobileCoreServices.framework; path = System/Library/Frameworks/MobileCoreServices.framework; sourceTree = SDKROOT; };
		0EDF4E08182102C3007161E0 /* QuartzCore.framework */ = {isa = PBXFileReference; lastKnownFileType = wrapper.framework; name = QuartzCore.framework; path = System/Library/Frameworks/QuartzCore.framework; sourceTree = SDKROOT; };
		0EDF4E0A182102CA007161E0 /* CFNetwork.framework */ = {isa = PBXFileReference; lastKnownFileType = wrapper.framework; name = CFNetwork.framework; path = System/Library/Frameworks/CFNetwork.framework; sourceTree = SDKROOT; };
		0EDF4E0C182102D7007161E0 /* libxml2.dylib */ = {isa = PBXFileReference; lastKnownFileType = "compiled.mach-o.dylib"; name = libxml2.dylib; path = usr/lib/libxml2.dylib; sourceTree = SDKROOT; };
		0EDF4E0E182102DD007161E0 /* libsqlite3.0.dylib */ = {isa = PBXFileReference; lastKnownFileType = "compiled.mach-o.dylib"; name = libsqlite3.0.dylib; path = usr/lib/libsqlite3.0.dylib; sourceTree = SDKROOT; };
		0EDF4E10182102E7007161E0 /* libz.dylib */ = {isa = PBXFileReference; lastKnownFileType = "compiled.mach-o.dylib"; name = libz.dylib; path = usr/lib/libz.dylib; sourceTree = SDKROOT; };
		630B03A71820F5BB00F72C4C /* CaiJinTongApp.app */ = {isa = PBXFileReference; explicitFileType = wrapper.application; includeInIndex = 0; path = CaiJinTongApp.app; sourceTree = BUILT_PRODUCTS_DIR; };
		630B03AA1820F5BB00F72C4C /* Foundation.framework */ = {isa = PBXFileReference; lastKnownFileType = wrapper.framework; name = Foundation.framework; path = System/Library/Frameworks/Foundation.framework; sourceTree = SDKROOT; };
		630B03AC1820F5BB00F72C4C /* CoreGraphics.framework */ = {isa = PBXFileReference; lastKnownFileType = wrapper.framework; name = CoreGraphics.framework; path = System/Library/Frameworks/CoreGraphics.framework; sourceTree = SDKROOT; };
		630B03AE1820F5BB00F72C4C /* UIKit.framework */ = {isa = PBXFileReference; lastKnownFileType = wrapper.framework; name = UIKit.framework; path = System/Library/Frameworks/UIKit.framework; sourceTree = SDKROOT; };
		630B03B21820F5BB00F72C4C /* CaiJinTongApp-Info.plist */ = {isa = PBXFileReference; lastKnownFileType = text.plist.xml; path = "CaiJinTongApp-Info.plist"; sourceTree = "<group>"; };
		630B03B41820F5BB00F72C4C /* en */ = {isa = PBXFileReference; lastKnownFileType = text.plist.strings; name = en; path = en.lproj/InfoPlist.strings; sourceTree = "<group>"; };
		630B03B61820F5BB00F72C4C /* main.m */ = {isa = PBXFileReference; lastKnownFileType = sourcecode.c.objc; path = main.m; sourceTree = "<group>"; };
		630B03B81820F5BB00F72C4C /* CaiJinTongApp-Prefix.pch */ = {isa = PBXFileReference; lastKnownFileType = sourcecode.c.h; path = "CaiJinTongApp-Prefix.pch"; sourceTree = "<group>"; };
		630B03B91820F5BB00F72C4C /* AppDelegate.h */ = {isa = PBXFileReference; lastKnownFileType = sourcecode.c.h; path = AppDelegate.h; sourceTree = "<group>"; };
		630B03BA1820F5BB00F72C4C /* AppDelegate.m */ = {isa = PBXFileReference; lastKnownFileType = sourcecode.c.objc; path = AppDelegate.m; sourceTree = "<group>"; };
		630B03BD1820F5BB00F72C4C /* Base */ = {isa = PBXFileReference; lastKnownFileType = file.storyboard; name = Base; path = Base.lproj/Main_iPhone.storyboard; sourceTree = "<group>"; };
		630B03C01820F5BB00F72C4C /* Base */ = {isa = PBXFileReference; lastKnownFileType = file.storyboard; name = Base; path = Base.lproj/Main_iPad.storyboard; sourceTree = "<group>"; };
		630B03C21820F5BB00F72C4C /* ViewController.h */ = {isa = PBXFileReference; lastKnownFileType = sourcecode.c.h; path = ViewController.h; sourceTree = "<group>"; };
		630B03C31820F5BB00F72C4C /* ViewController.m */ = {isa = PBXFileReference; lastKnownFileType = sourcecode.c.objc; path = ViewController.m; sourceTree = "<group>"; };
		630B03C51820F5BB00F72C4C /* Images.xcassets */ = {isa = PBXFileReference; lastKnownFileType = folder.assetcatalog; path = Images.xcassets; sourceTree = "<group>"; };
		630B03CB1820F5BC00F72C4C /* CaiJinTongAppTests.xctest */ = {isa = PBXFileReference; explicitFileType = wrapper.cfbundle; includeInIndex = 0; path = CaiJinTongAppTests.xctest; sourceTree = BUILT_PRODUCTS_DIR; };
		630B03CC1820F5BC00F72C4C /* XCTest.framework */ = {isa = PBXFileReference; lastKnownFileType = wrapper.framework; name = XCTest.framework; path = Library/Frameworks/XCTest.framework; sourceTree = DEVELOPER_DIR; };
		630B03D41820F5BC00F72C4C /* CaiJinTongAppTests-Info.plist */ = {isa = PBXFileReference; lastKnownFileType = text.plist.xml; path = "CaiJinTongAppTests-Info.plist"; sourceTree = "<group>"; };
		630B03D61820F5BC00F72C4C /* en */ = {isa = PBXFileReference; lastKnownFileType = text.plist.strings; name = en; path = en.lproj/InfoPlist.strings; sourceTree = "<group>"; };
		630B03D81820F5BC00F72C4C /* CaiJinTongAppTests.m */ = {isa = PBXFileReference; lastKnownFileType = sourcecode.c.objc; path = CaiJinTongAppTests.m; sourceTree = "<group>"; };
		632387581822056000C71535 /* LoginViewController.h */ = {isa = PBXFileReference; fileEncoding = 4; lastKnownFileType = sourcecode.c.h; name = LoginViewController.h; path = ../controllers/LoginViewController.h; sourceTree = "<group>"; };
		632387591822056000C71535 /* LoginViewController.m */ = {isa = PBXFileReference; fileEncoding = 4; lastKnownFileType = sourcecode.c.objc; name = LoginViewController.m; path = ../controllers/LoginViewController.m; sourceTree = "<group>"; };
		6323875B18220E7D00C71535 /* ForgotPwdViewController.h */ = {isa = PBXFileReference; fileEncoding = 4; lastKnownFileType = sourcecode.c.h; name = ForgotPwdViewController.h; path = ../controllers/ForgotPwdViewController.h; sourceTree = "<group>"; };
		6323875C18220E7D00C71535 /* ForgotPwdViewController.m */ = {isa = PBXFileReference; fileEncoding = 4; lastKnownFileType = sourcecode.c.objc; name = ForgotPwdViewController.m; path = ../controllers/ForgotPwdViewController.m; sourceTree = "<group>"; };
		6323875E18222A1500C71535 /* DRNaviGationBarController.h */ = {isa = PBXFileReference; fileEncoding = 4; lastKnownFileType = sourcecode.c.h; name = DRNaviGationBarController.h; path = ../controllers/DRNaviGationBarController.h; sourceTree = "<group>"; };
		6323875F18222A1500C71535 /* DRNaviGationBarController.m */ = {isa = PBXFileReference; fileEncoding = 4; lastKnownFileType = sourcecode.c.objc; name = DRNaviGationBarController.m; path = ../controllers/DRNaviGationBarController.m; sourceTree = "<group>"; };
		6323876118223E9500C71535 /* DRNavigationBar.h */ = {isa = PBXFileReference; fileEncoding = 4; lastKnownFileType = sourcecode.c.h; name = DRNavigationBar.h; path = view/DRNavigationBar.h; sourceTree = SOURCE_ROOT; };
		6323876218223E9500C71535 /* DRNavigationBar.m */ = {isa = PBXFileReference; fileEncoding = 4; lastKnownFileType = sourcecode.c.objc; name = DRNavigationBar.m; path = view/DRNavigationBar.m; sourceTree = SOURCE_ROOT; };
/* End PBXFileReference section */

/* Begin PBXFrameworksBuildPhase section */
		630B03A41820F5BB00F72C4C /* Frameworks */ = {
			isa = PBXFrameworksBuildPhase;
			buildActionMask = 2147483647;
			files = (
				0EDF4E11182102E7007161E0 /* libz.dylib in Frameworks */,
				0EDF4E0F182102DD007161E0 /* libsqlite3.0.dylib in Frameworks */,
				0EDF4E0D182102D7007161E0 /* libxml2.dylib in Frameworks */,
				0EDF4E0B182102CA007161E0 /* CFNetwork.framework in Frameworks */,
				0EDF4E09182102C3007161E0 /* QuartzCore.framework in Frameworks */,
				0EDF4E07182102BD007161E0 /* MobileCoreServices.framework in Frameworks */,
				0EDF4E05182102B6007161E0 /* SystemConfiguration.framework in Frameworks */,
				0EDF4E03182102AB007161E0 /* Security.framework in Frameworks */,
				630B03AD1820F5BB00F72C4C /* CoreGraphics.framework in Frameworks */,
				630B03AF1820F5BB00F72C4C /* UIKit.framework in Frameworks */,
				630B03AB1820F5BB00F72C4C /* Foundation.framework in Frameworks */,
			);
			runOnlyForDeploymentPostprocessing = 0;
		};
		630B03C81820F5BC00F72C4C /* Frameworks */ = {
			isa = PBXFrameworksBuildPhase;
			buildActionMask = 2147483647;
			files = (
				630B03CD1820F5BC00F72C4C /* XCTest.framework in Frameworks */,
				630B03CF1820F5BC00F72C4C /* UIKit.framework in Frameworks */,
				630B03CE1820F5BC00F72C4C /* Foundation.framework in Frameworks */,
			);
			runOnlyForDeploymentPostprocessing = 0;
		};
/* End PBXFrameworksBuildPhase section */

/* Begin PBXGroup section */
		0E52B97E182104C6008A88C1 /* URLEncoding */ = {
			isa = PBXGroup;
			children = (
				0EDF4DD218210241007161E0 /* NSStringEncoding */,
				0EDF4DCD18210241007161E0 /* Google Toolbox for Mac */,
			);
			name = URLEncoding;
			sourceTree = "<group>";
		};
		0EAFA0D41822166700D01D3E /* JSON */ = {
			isa = PBXGroup;
			children = (
				0EAFA0DF1822167800D01D3E /* logIn.json */,
				0EAFA0DB1822167800D01D3E /* findPassWord.json */,
				0EAFA0DE1822167800D01D3E /* lessonInfo.json */,
				0EAFA0D81822167800D01D3E /* chapterInfo.json */,
				0EAFA0E61822167800D01D3E /* sectionInfo.json */,
				0EAFA0DD1822167800D01D3E /* grade.json */,
				0EAFA0DA1822167800D01D3E /* commentList.json */,
				0EAFA0E41822167800D01D3E /* searchLesson.json */,
				0EAFA0E21822167800D01D3E /* questionInfo.json */,
				0EA7EF621823B1FC00C47F69 /* answerList.json */,
				0EAFA0E31822167800D01D3E /* questionList.json */,
				0EAFA0D51822167800D01D3E /* acceptAnswer.json */,
				0EAFA0D91822167800D01D3E /* chapterQuestion.json */,
				0EAFA0D61822167800D01D3E /* answerPraise.json */,
				0EAFA0DC1822167800D01D3E /* getUserQuestion.json */,
				0EAFA0E51822167800D01D3E /* searchQuestion.json */,
				0EAFA0D71822167800D01D3E /* askQuestion.json */,
				0EAFA0E01822167800D01D3E /* playBack.json */,
				0EAFA0E11822167800D01D3E /* playVideo.json */,
				0EAFA0E71822167800D01D3E /* submitAnswer.json */,
				0EAFA0E81822167800D01D3E /* submitNote.json */,
				0EAFA0E91822167800D01D3E /* suggestion.json */,
			);
			path = JSON;
			sourceTree = "<group>";
		};
		0EAFA1011822200200D01D3E /* Images */ = {
			isa = PBXGroup;
			children = (
				0EA7EF0A18233B0000C47F69 /* jiantou_up.png */,
				0EA7EF0B18233B0000C47F69 /* jiantou_down.png */,
				0EAFA105182223BD00D01D3E /* loginBgImage_v.png */,
				0EAFA106182223BD00D01D3E /* loginBgImage_v@2x.png */,
			);
			path = Images;
			sourceTree = "<group>";
		};
		0EDF4D8E18210202007161E0 /* DownService */ = {
			isa = PBXGroup;
			children = (
				0EDF4D8F18210202007161E0 /* DownloadService.h */,
				0EDF4D9018210202007161E0 /* DownloadService.m */,
			);
			path = DownService;
			sourceTree = "<group>";
		};
		0EDF4D9218210241007161E0 /* ASIHttp */ = {
			isa = PBXGroup;
			children = (
				0EDF4D9318210241007161E0 /* ASIWebPageRequest */,
				0EDF4D9618210241007161E0 /* CloudFiles */,
				0EDF4DA518210241007161E0 /* OtherASIFiles */,
				0EDF4DBA18210241007161E0 /* S3 */,
			);
			path = ASIHttp;
			sourceTree = "<group>";
		};
		0EDF4D9318210241007161E0 /* ASIWebPageRequest */ = {
			isa = PBXGroup;
			children = (
				0EDF4D9418210241007161E0 /* ASIWebPageRequest.h */,
				0EDF4D9518210241007161E0 /* ASIWebPageRequest.m */,
			);
			path = ASIWebPageRequest;
			sourceTree = "<group>";
		};
		0EDF4D9618210241007161E0 /* CloudFiles */ = {
			isa = PBXGroup;
			children = (
				0EDF4D9718210241007161E0 /* ASICloudFilesCDNRequest.h */,
				0EDF4D9818210241007161E0 /* ASICloudFilesCDNRequest.m */,
				0EDF4D9918210241007161E0 /* ASICloudFilesContainer.h */,
				0EDF4D9A18210241007161E0 /* ASICloudFilesContainer.m */,
				0EDF4D9B18210241007161E0 /* ASICloudFilesContainerRequest.h */,
				0EDF4D9C18210241007161E0 /* ASICloudFilesContainerRequest.m */,
				0EDF4D9D18210241007161E0 /* ASICloudFilesContainerXMLParserDelegate.h */,
				0EDF4D9E18210241007161E0 /* ASICloudFilesContainerXMLParserDelegate.m */,
				0EDF4D9F18210241007161E0 /* ASICloudFilesObject.h */,
				0EDF4DA018210241007161E0 /* ASICloudFilesObject.m */,
				0EDF4DA118210241007161E0 /* ASICloudFilesObjectRequest.h */,
				0EDF4DA218210241007161E0 /* ASICloudFilesObjectRequest.m */,
				0EDF4DA318210241007161E0 /* ASICloudFilesRequest.h */,
				0EDF4DA418210241007161E0 /* ASICloudFilesRequest.m */,
			);
			path = CloudFiles;
			sourceTree = "<group>";
		};
		0EDF4DA518210241007161E0 /* OtherASIFiles */ = {
			isa = PBXGroup;
			children = (
				0EDF4DA618210241007161E0 /* ASIAuthenticationDialog.h */,
				0EDF4DA718210241007161E0 /* ASIAuthenticationDialog.m */,
				0EDF4DA818210241007161E0 /* ASICacheDelegate.h */,
				0EDF4DA918210241007161E0 /* ASIDataCompressor.h */,
				0EDF4DAA18210241007161E0 /* ASIDataCompressor.m */,
				0EDF4DAB18210241007161E0 /* ASIDataDecompressor.h */,
				0EDF4DAC18210241007161E0 /* ASIDataDecompressor.m */,
				0EDF4DAD18210241007161E0 /* ASIDownloadCache.h */,
				0EDF4DAE18210241007161E0 /* ASIDownloadCache.m */,
				0EDF4DAF18210241007161E0 /* ASIFormDataRequest.h */,
				0EDF4DB018210241007161E0 /* ASIFormDataRequest.m */,
				0EDF4DB118210241007161E0 /* ASIHTTPRequest.h */,
				0EDF4DB218210241007161E0 /* ASIHTTPRequest.m */,
				0EDF4DB318210241007161E0 /* ASIHTTPRequestConfig.h */,
				0EDF4DB418210241007161E0 /* ASIHTTPRequestDelegate.h */,
				0EDF4DB518210241007161E0 /* ASIInputStream.h */,
				0EDF4DB618210241007161E0 /* ASIInputStream.m */,
				0EDF4DB718210241007161E0 /* ASINetworkQueue.h */,
				0EDF4DB818210241007161E0 /* ASINetworkQueue.m */,
				0EDF4DB918210241007161E0 /* ASIProgressDelegate.h */,
			);
			path = OtherASIFiles;
			sourceTree = "<group>";
		};
		0EDF4DBA18210241007161E0 /* S3 */ = {
			isa = PBXGroup;
			children = (
				0EDF4DBB18210241007161E0 /* ASIS3Bucket.h */,
				0EDF4DBC18210241007161E0 /* ASIS3Bucket.m */,
				0EDF4DBD18210241007161E0 /* ASIS3BucketObject.h */,
				0EDF4DBE18210241007161E0 /* ASIS3BucketObject.m */,
				0EDF4DBF18210241007161E0 /* ASIS3BucketRequest.h */,
				0EDF4DC018210241007161E0 /* ASIS3BucketRequest.m */,
				0EDF4DC118210241007161E0 /* ASIS3ObjectRequest.h */,
				0EDF4DC218210241007161E0 /* ASIS3ObjectRequest.m */,
				0EDF4DC318210241007161E0 /* ASIS3Request.h */,
				0EDF4DC418210241007161E0 /* ASIS3Request.m */,
				0EDF4DC518210241007161E0 /* ASIS3ServiceRequest.h */,
				0EDF4DC618210241007161E0 /* ASIS3ServiceRequest.m */,
			);
			path = S3;
			sourceTree = "<group>";
		};
		0EDF4DC718210241007161E0 /* Controller */ = {
			isa = PBXGroup;
			children = (
				632387581822056000C71535 /* LoginViewController.h */,
				632387591822056000C71535 /* LoginViewController.m */,
				6323875B18220E7D00C71535 /* ForgotPwdViewController.h */,
				6323875C18220E7D00C71535 /* ForgotPwdViewController.m */,
				6323875E18222A1500C71535 /* DRNaviGationBarController.h */,
				6323875F18222A1500C71535 /* DRNaviGationBarController.m */,
				0EAFA12A18224C2700D01D3E /* LessonViewController.h */,
				0EAFA12B18224C2700D01D3E /* LessonViewController.m */,
			);
			path = Controller;
			sourceTree = "<group>";
		};
		0EDF4DC818210241007161E0 /* DB */ = {
			isa = PBXGroup;
			children = (
				0EDF4DC918210241007161E0 /* RJDBKit.h */,
				0EDF4DCA18210241007161E0 /* RJDBKit.m */,
				0EDF4DCB18210241007161E0 /* RJFileUtils.h */,
				0EDF4DCC18210241007161E0 /* RJFileUtils.m */,
			);
			path = DB;
			sourceTree = "<group>";
		};
		0EDF4DCD18210241007161E0 /* Google Toolbox for Mac */ = {
			isa = PBXGroup;
			children = (
				0EDF4DCE18210241007161E0 /* GTMNSString+HTML.h */,
				0EDF4DCF18210241007161E0 /* GTMNSString+HTML.m */,
			);
			path = "Google Toolbox for Mac";
			sourceTree = "<group>";
		};
		0EDF4DD018210241007161E0 /* Interface */ = {
			isa = PBXGroup;
			children = (
				0EAFA10C1822399000D01D3E /* BaseInterface.h */,
				0EAFA10D1822399000D01D3E /* BaseInterface.m */,
				0EAFA1101822399000D01D3E /* LogInterface.h */,
				0EAFA1111822399000D01D3E /* LogInterface.m */,
				0EAFA11E1822464700D01D3E /* FindPassWordInterface.h */,
				0EAFA11F1822464700D01D3E /* FindPassWordInterface.m */,
				0EAFA1211822485500D01D3E /* LessonInfoInterface.h */,
				0EAFA1221822485500D01D3E /* LessonInfoInterface.m */,
				0EAFA1241822488700D01D3E /* ChapterInfoInterface.h */,
				0EAFA1251822488700D01D3E /* ChapterInfoInterface.m */,
				0EA7EF11182349AF00C47F69 /* SectionInfoInterface.h */,
				0EA7EF12182349AF00C47F69 /* SectionInfoInterface.m */,
				0EA7EF1418234A0400C47F69 /* GradeInterface.h */,
				0EA7EF1518234A0400C47F69 /* GradeInterface.m */,
				0EA7EF1718234A7500C47F69 /* CommentListInterface.h */,
				0EA7EF1818234A7500C47F69 /* CommentListInterface.m */,
				0EA7EF1A18234AC600C47F69 /* SearchLessonInterface.h */,
				0EA7EF1B18234AC600C47F69 /* SearchLessonInterface.m */,
				0EA7EF1D18234B5600C47F69 /* QuestionInfoInterface.h */,
				0EA7EF1E18234B5600C47F69 /* QuestionInfoInterface.m */,
				0EA7EF2018234BA100C47F69 /* QuestionListInterface.h */,
				0EA7EF2118234BA100C47F69 /* QuestionListInterface.m */,
				0EA7EF5F1823B0EC00C47F69 /* AnswerListInterface.h */,
				0EA7EF601823B0EC00C47F69 /* AnswerListInterface.m */,
				0EA7EF2318234BE900C47F69 /* AcceptAnswerInterface.h */,
				0EA7EF2418234BE900C47F69 /* AcceptAnswerInterface.m */,
				0EA7EF2618234CDC00C47F69 /* ChapterQuestionInterface.h */,
				0EA7EF2718234CDC00C47F69 /* ChapterQuestionInterface.m */,
				0EA7EF2C18234D6200C47F69 /* AnswerPraiseInterface.h */,
				0EA7EF2D18234D6200C47F69 /* AnswerPraiseInterface.m */,
				0EA7EF2F18234D8D00C47F69 /* GetUserQuestionInterface.h */,
				0EA7EF3018234D8D00C47F69 /* GetUserQuestionInterface.m */,
				0EA7EF3518234F9000C47F69 /* SearchQuestionInterface.h */,
				0EA7EF3618234F9000C47F69 /* SearchQuestionInterface.m */,
				0EA7EF4D1823A98600C47F69 /* PlayVideoInterface.h */,
				0EA7EF4E1823A98600C47F69 /* PlayVideoInterface.m */,
				0EA7EF501823A99700C47F69 /* PlayBackInterface.h */,
				0EA7EF511823A99700C47F69 /* PlayBackInterface.m */,
				0EA7EF531823ACCC00C47F69 /* SumitNoteInterface.h */,
				0EA7EF541823ACCC00C47F69 /* SumitNoteInterface.m */,
				0EA7EF591823ADF100C47F69 /* SubmitAnswerInterface.h */,
				0EA7EF5A1823ADF100C47F69 /* SubmitAnswerInterface.m */,
				0EA7EF5C1823AE1800C47F69 /* AskQuestionInterface.h */,
				0EA7EF5D1823AE1800C47F69 /* AskQuestionInterface.m */,
				0EAFA10E1822399000D01D3E /* InterfaceCache.h */,
				0EAFA10F1822399000D01D3E /* InterfaceCache.m */,
			);
			path = Interface;
			sourceTree = "<group>";
		};
		0EDF4DD118210241007161E0 /* Model */ = {
			isa = PBXGroup;
			children = (
				0EA7EF0E18233CDC00C47F69 /* LessonModel.h */,
				0EA7EF0F18233CDC00C47F69 /* LessonModel.m */,
				0EA7EF07182336B600C47F69 /* chapterModel.h */,
				0EA7EF08182336B600C47F69 /* chapterModel.m */,
				0EA7EF381823581F00C47F69 /* SectionModel.h */,
				0EA7EF391823581F00C47F69 /* SectionModel.m */,
				0EA7EF3B182379E200C47F69 /* NoteModel.h */,
				0EA7EF3C182379E200C47F69 /* NoteModel.m */,
				0EA7EF3E18237A0D00C47F69 /* CommentModel.h */,
				0EA7EF3F18237A0D00C47F69 /* CommentModel.m */,
				0EA7EF4118238C8A00C47F69 /* LessonQuestionModel.h */,
				0EA7EF4218238C8A00C47F69 /* LessonQuestionModel.m */,
				0EA7EF4418238CC600C47F69 /* ChapterQuestionModel.h */,
				0EA7EF4518238CC600C47F69 /* ChapterQuestionModel.m */,
				0EA7EF4718238D4600C47F69 /* QuestionModel.h */,
				0EA7EF4818238D4600C47F69 /* QuestionModel.m */,
				0EA7EF4A18238DF600C47F69 /* AnswerModel.h */,
				0EA7EF4B18238DF600C47F69 /* AnswerModel.m */,
			);
			path = Model;
			sourceTree = "<group>";
		};
		0EDF4DD218210241007161E0 /* NSStringEncoding */ = {
			isa = PBXGroup;
			children = (
				0EDF4DD318210241007161E0 /* NSString+HTML.h */,
				0EDF4DD418210241007161E0 /* NSString+HTML.m */,
				0EDF4DD518210241007161E0 /* NSString+URLEncoding.h */,
				0EDF4DD618210241007161E0 /* NSString+URLEncoding.m */,
			);
			path = NSStringEncoding;
			sourceTree = "<group>";
		};
		0EDF4DD718210241007161E0 /* Reachability */ = {
			isa = PBXGroup;
			children = (
				0EDF4DD818210241007161E0 /* Reachability.h */,
				0EDF4DD918210241007161E0 /* Reachability.m */,
			);
			path = Reachability;
			sourceTree = "<group>";
		};
		0EDF4DDA18210241007161E0 /* View */ = {
			isa = PBXGroup;
			children = (
				0EAFA11518223E5D00D01D3E /* CJTToolbarView.h */,
				0EAFA11618223E5D00D01D3E /* CJTToolbarView.m */,
				0EAFA11818223FC500D01D3E /* CJTMainToolbar.h */,
				0EAFA11918223FC500D01D3E /* CJTMainToolbar.m */,
				6323876118223E9500C71535 /* DRNavigationBar.h */,
				6323876218223E9500C71535 /* DRNavigationBar.m */,
			);
			path = View;
			sourceTree = "<group>";
		};
		0EDF4DF71821025E007161E0 /* Utility */ = {
			isa = PBXGroup;
			children = (
				0EDF4DF81821028F007161E0 /* Utility.h */,
				0EDF4DF91821028F007161E0 /* Utility.m */,
				0EDF4DFA1821028F007161E0 /* Const.h */,
				0EDF4DFB1821028F007161E0 /* NSDictionary+AllKeytoLowerCase.h */,
				0EDF4DFC1821028F007161E0 /* NSDictionary+AllKeytoLowerCase.m */,
				0EDF4DC818210241007161E0 /* DB */,
				0E52B97E182104C6008A88C1 /* URLEncoding */,
				0EDF4DD718210241007161E0 /* Reachability */,
				0EDF4D9218210241007161E0 /* ASIHttp */,
			);
			name = Utility;
			sourceTree = "<group>";
		};
		630B039E1820F5BB00F72C4C = {
			isa = PBXGroup;
			children = (
				630B03B01820F5BB00F72C4C /* CaiJinTongApp */,
				630B03D21820F5BC00F72C4C /* CaiJinTongAppTests */,
				630B03A91820F5BB00F72C4C /* Frameworks */,
				630B03A81820F5BB00F72C4C /* Products */,
			);
			sourceTree = "<group>";
		};
		630B03A81820F5BB00F72C4C /* Products */ = {
			isa = PBXGroup;
			children = (
				630B03A71820F5BB00F72C4C /* CaiJinTongApp.app */,
				630B03CB1820F5BC00F72C4C /* CaiJinTongAppTests.xctest */,
			);
			name = Products;
			sourceTree = "<group>";
		};
		630B03A91820F5BB00F72C4C /* Frameworks */ = {
			isa = PBXGroup;
			children = (
				0EDF4E10182102E7007161E0 /* libz.dylib */,
				0EDF4E0E182102DD007161E0 /* libsqlite3.0.dylib */,
				0EDF4E0C182102D7007161E0 /* libxml2.dylib */,
				0EDF4E0A182102CA007161E0 /* CFNetwork.framework */,
				0EDF4E08182102C3007161E0 /* QuartzCore.framework */,
				0EDF4E06182102BD007161E0 /* MobileCoreServices.framework */,
				0EDF4E04182102B6007161E0 /* SystemConfiguration.framework */,
				0EDF4E02182102AB007161E0 /* Security.framework */,
				630B03AA1820F5BB00F72C4C /* Foundation.framework */,
				630B03AC1820F5BB00F72C4C /* CoreGraphics.framework */,
				630B03AE1820F5BB00F72C4C /* UIKit.framework */,
				630B03CC1820F5BC00F72C4C /* XCTest.framework */,
			);
			name = Frameworks;
			sourceTree = "<group>";
		};
		630B03B01820F5BB00F72C4C /* CaiJinTongApp */ = {
			isa = PBXGroup;
			children = (
				630B03B91820F5BB00F72C4C /* AppDelegate.h */,
				630B03BA1820F5BB00F72C4C /* AppDelegate.m */,
				0EDF4DFF1821029B007161E0 /* CaiJinTongManager.h */,
				0EDF4E001821029B007161E0 /* CaiJinTongManager.m */,
				630B03BC1820F5BB00F72C4C /* Main_iPhone.storyboard */,
				630B03BF1820F5BB00F72C4C /* Main_iPad.storyboard */,
				630B03C21820F5BB00F72C4C /* ViewController.h */,
				630B03C31820F5BB00F72C4C /* ViewController.m */,
				630B03C51820F5BB00F72C4C /* Images.xcassets */,
				0EAFA1011822200200D01D3E /* Images */,
				0EAFA0D41822166700D01D3E /* JSON */,
				0EDF4D8E18210202007161E0 /* DownService */,
				0EDF4DF71821025E007161E0 /* Utility */,
				0EDF4DD018210241007161E0 /* Interface */,
				0EDF4DD118210241007161E0 /* Model */,
				0EDF4DDA18210241007161E0 /* View */,
				0EDF4DC718210241007161E0 /* Controller */,
				630B03B11820F5BB00F72C4C /* Supporting Files */,
			);
			path = CaiJinTongApp;
			sourceTree = "<group>";
		};
		630B03B11820F5BB00F72C4C /* Supporting Files */ = {
			isa = PBXGroup;
			children = (
				630B03B21820F5BB00F72C4C /* CaiJinTongApp-Info.plist */,
				630B03B31820F5BB00F72C4C /* InfoPlist.strings */,
				630B03B61820F5BB00F72C4C /* main.m */,
				630B03B81820F5BB00F72C4C /* CaiJinTongApp-Prefix.pch */,
			);
			name = "Supporting Files";
			sourceTree = "<group>";
		};
		630B03D21820F5BC00F72C4C /* CaiJinTongAppTests */ = {
			isa = PBXGroup;
			children = (
				630B03D81820F5BC00F72C4C /* CaiJinTongAppTests.m */,
				630B03D31820F5BC00F72C4C /* Supporting Files */,
			);
			path = CaiJinTongAppTests;
			sourceTree = "<group>";
		};
		630B03D31820F5BC00F72C4C /* Supporting Files */ = {
			isa = PBXGroup;
			children = (
				630B03D41820F5BC00F72C4C /* CaiJinTongAppTests-Info.plist */,
				630B03D51820F5BC00F72C4C /* InfoPlist.strings */,
			);
			name = "Supporting Files";
			sourceTree = "<group>";
		};
/* End PBXGroup section */

/* Begin PBXNativeTarget section */
		630B03A61820F5BB00F72C4C /* CaiJinTongApp */ = {
			isa = PBXNativeTarget;
			buildConfigurationList = 630B03DC1820F5BC00F72C4C /* Build configuration list for PBXNativeTarget "CaiJinTongApp" */;
			buildPhases = (
				630B03A31820F5BB00F72C4C /* Sources */,
				630B03A41820F5BB00F72C4C /* Frameworks */,
				630B03A51820F5BB00F72C4C /* Resources */,
			);
			buildRules = (
			);
			dependencies = (
			);
			name = CaiJinTongApp;
			productName = CaiJinTongApp;
			productReference = 630B03A71820F5BB00F72C4C /* CaiJinTongApp.app */;
			productType = "com.apple.product-type.application";
		};
		630B03CA1820F5BC00F72C4C /* CaiJinTongAppTests */ = {
			isa = PBXNativeTarget;
			buildConfigurationList = 630B03DF1820F5BC00F72C4C /* Build configuration list for PBXNativeTarget "CaiJinTongAppTests" */;
			buildPhases = (
				630B03C71820F5BC00F72C4C /* Sources */,
				630B03C81820F5BC00F72C4C /* Frameworks */,
				630B03C91820F5BC00F72C4C /* Resources */,
			);
			buildRules = (
			);
			dependencies = (
				630B03D11820F5BC00F72C4C /* PBXTargetDependency */,
			);
			name = CaiJinTongAppTests;
			productName = CaiJinTongAppTests;
			productReference = 630B03CB1820F5BC00F72C4C /* CaiJinTongAppTests.xctest */;
			productType = "com.apple.product-type.bundle.unit-test";
		};
/* End PBXNativeTarget section */

/* Begin PBXProject section */
		630B039F1820F5BB00F72C4C /* Project object */ = {
			isa = PBXProject;
			attributes = {
				LastUpgradeCheck = 0500;
				ORGANIZATIONNAME = david;
				TargetAttributes = {
					630B03CA1820F5BC00F72C4C = {
						TestTargetID = 630B03A61820F5BB00F72C4C;
					};
				};
			};
			buildConfigurationList = 630B03A21820F5BB00F72C4C /* Build configuration list for PBXProject "CaiJinTongApp" */;
			compatibilityVersion = "Xcode 3.2";
			developmentRegion = English;
			hasScannedForEncodings = 0;
			knownRegions = (
				en,
				Base,
			);
			mainGroup = 630B039E1820F5BB00F72C4C;
			productRefGroup = 630B03A81820F5BB00F72C4C /* Products */;
			projectDirPath = "";
			projectRoot = "";
			targets = (
				630B03A61820F5BB00F72C4C /* CaiJinTongApp */,
				630B03CA1820F5BC00F72C4C /* CaiJinTongAppTests */,
			);
		};
/* End PBXProject section */

/* Begin PBXResourcesBuildPhase section */
		630B03A51820F5BB00F72C4C /* Resources */ = {
			isa = PBXResourcesBuildPhase;
			buildActionMask = 2147483647;
			files = (
				0EAFA0EC1822167800D01D3E /* askQuestion.json in Resources */,
				0EA7EF631823B1FC00C47F69 /* answerList.json in Resources */,
				630B03C11820F5BB00F72C4C /* Main_iPad.storyboard in Resources */,
				0EAFA0F41822167800D01D3E /* logIn.json in Resources */,
				0EAFA0F21822167800D01D3E /* grade.json in Resources */,
				0EAFA0F31822167800D01D3E /* lessonInfo.json in Resources */,
				0EAFA0FE1822167800D01D3E /* suggestion.json in Resources */,
				0EAFA0F81822167800D01D3E /* questionList.json in Resources */,
				630B03C61820F5BB00F72C4C /* Images.xcassets in Resources */,
				0EAFA0F11822167800D01D3E /* getUserQuestion.json in Resources */,
				0EAFA0F01822167800D01D3E /* findPassWord.json in Resources */,
				0EAFA0FD1822167800D01D3E /* submitNote.json in Resources */,
				0EAFA0FA1822167800D01D3E /* searchQuestion.json in Resources */,
				0EAFA0EF1822167800D01D3E /* commentList.json in Resources */,
				0EA7EF0D18233B0000C47F69 /* jiantou_down.png in Resources */,
				0EAFA0ED1822167800D01D3E /* chapterInfo.json in Resources */,
				630B03BE1820F5BB00F72C4C /* Main_iPhone.storyboard in Resources */,
				0EAFA0F61822167800D01D3E /* playVideo.json in Resources */,
				0EAFA0EE1822167800D01D3E /* chapterQuestion.json in Resources */,
				0EAFA0FB1822167800D01D3E /* sectionInfo.json in Resources */,
				0EAFA108182223BD00D01D3E /* loginBgImage_v@2x.png in Resources */,
				0EA7EF0C18233B0000C47F69 /* jiantou_up.png in Resources */,
				0EAFA0F71822167800D01D3E /* questionInfo.json in Resources */,
				0EAFA107182223BD00D01D3E /* loginBgImage_v.png in Resources */,
				0EAFA0F51822167800D01D3E /* playBack.json in Resources */,
				630B03B51820F5BB00F72C4C /* InfoPlist.strings in Resources */,
				0EAFA0FC1822167800D01D3E /* submitAnswer.json in Resources */,
				0EAFA0EA1822167800D01D3E /* acceptAnswer.json in Resources */,
				0EAFA0EB1822167800D01D3E /* answerPraise.json in Resources */,
				0EAFA0F91822167800D01D3E /* searchLesson.json in Resources */,
			);
			runOnlyForDeploymentPostprocessing = 0;
		};
		630B03C91820F5BC00F72C4C /* Resources */ = {
			isa = PBXResourcesBuildPhase;
			buildActionMask = 2147483647;
			files = (
				630B03D71820F5BC00F72C4C /* InfoPlist.strings in Resources */,
			);
			runOnlyForDeploymentPostprocessing = 0;
		};
/* End PBXResourcesBuildPhase section */

/* Begin PBXSourcesBuildPhase section */
		630B03A31820F5BB00F72C4C /* Sources */ = {
			isa = PBXSourcesBuildPhase;
			buildActionMask = 2147483647;
			files = (
				0EA7EF551823ACCC00C47F69 /* SumitNoteInterface.m in Sources */,
				0EAFA12C18224C2700D01D3E /* LessonViewController.m in Sources */,
				6323875A1822056000C71535 /* LoginViewController.m in Sources */,
				0EA7EF521823A99700C47F69 /* PlayBackInterface.m in Sources */,
				6323876018222A1500C71535 /* DRNaviGationBarController.m in Sources */,
				6323875D18220E7D00C71535 /* ForgotPwdViewController.m in Sources */,
				0EAFA1261822488700D01D3E /* ChapterInfoInterface.m in Sources */,
				0EA7EF3718234F9000C47F69 /* SearchQuestionInterface.m in Sources */,
				0EA7EF09182336B600C47F69 /* chapterModel.m in Sources */,
				630B03C41820F5BB00F72C4C /* ViewController.m in Sources */,
				0EDF4DDB18210241007161E0 /* ASIWebPageRequest.m in Sources */,
				0EDF4DEE18210241007161E0 /* ASIS3ObjectRequest.m in Sources */,
				0EDF4DE418210241007161E0 /* ASIDataCompressor.m in Sources */,
				0EDF4DE118210241007161E0 /* ASICloudFilesObjectRequest.m in Sources */,
				0EDF4DEB18210241007161E0 /* ASIS3Bucket.m in Sources */,
				0EA7EF611823B0EC00C47F69 /* AnswerListInterface.m in Sources */,
				0EDF4DEA18210241007161E0 /* ASINetworkQueue.m in Sources */,
				0EA7EF1C18234AC600C47F69 /* SearchLessonInterface.m in Sources */,
				0EDF4DFD1821028F007161E0 /* Utility.m in Sources */,
				0EAFA1231822485500D01D3E /* LessonInfoInterface.m in Sources */,
				0EDF4DE018210241007161E0 /* ASICloudFilesObject.m in Sources */,
				0EA7EF4618238CC600C47F69 /* ChapterQuestionModel.m in Sources */,
				0EDF4DDF18210241007161E0 /* ASICloudFilesContainerXMLParserDelegate.m in Sources */,
				0EDF4DE618210241007161E0 /* ASIDownloadCache.m in Sources */,
				0EDF4DE918210241007161E0 /* ASIInputStream.m in Sources */,
				6323876318223E9500C71535 /* DRNavigationBar.m in Sources */,
				0EDF4DF018210241007161E0 /* ASIS3ServiceRequest.m in Sources */,
				0EDF4DDD18210241007161E0 /* ASICloudFilesContainer.m in Sources */,
				0EDF4D9118210202007161E0 /* DownloadService.m in Sources */,
				0EAFA1131822399100D01D3E /* InterfaceCache.m in Sources */,
				0EA7EF3118234D8D00C47F69 /* GetUserQuestionInterface.m in Sources */,
				0EA7EF4318238C8A00C47F69 /* LessonQuestionModel.m in Sources */,
				0EDF4DE318210241007161E0 /* ASIAuthenticationDialog.m in Sources */,
				0EA7EF1F18234B5600C47F69 /* QuestionInfoInterface.m in Sources */,
				0EA7EF4918238D4600C47F69 /* QuestionModel.m in Sources */,
				630B03BB1820F5BB00F72C4C /* AppDelegate.m in Sources */,
				0EDF4DE818210241007161E0 /* ASIHTTPRequest.m in Sources */,
				0EA7EF4C18238DF600C47F69 /* AnswerModel.m in Sources */,
				0EDF4DF118210241007161E0 /* RJDBKit.m in Sources */,
				0EA7EF1918234A7500C47F69 /* CommentListInterface.m in Sources */,
				0EA7EF2218234BA100C47F69 /* QuestionListInterface.m in Sources */,
				0EDF4DEF18210241007161E0 /* ASIS3Request.m in Sources */,
				0EA7EF4F1823A98600C47F69 /* PlayVideoInterface.m in Sources */,
				0EDF4DDE18210241007161E0 /* ASICloudFilesContainerRequest.m in Sources */,
				0EDF4DF518210241007161E0 /* NSString+URLEncoding.m in Sources */,
				0EDF4DE218210241007161E0 /* ASICloudFilesRequest.m in Sources */,
				0EA7EF1018233CDC00C47F69 /* LessonModel.m in Sources */,
				0EA7EF2518234BE900C47F69 /* AcceptAnswerInterface.m in Sources */,
				0EA7EF5B1823ADF100C47F69 /* SubmitAnswerInterface.m in Sources */,
				0EDF4DF318210241007161E0 /* GTMNSString+HTML.m in Sources */,
				0EA7EF2818234CDC00C47F69 /* ChapterQuestionInterface.m in Sources */,
				0EAFA11A18223FC500D01D3E /* CJTMainToolbar.m in Sources */,
				0EDF4E011821029B007161E0 /* CaiJinTongManager.m in Sources */,
				0EA7EF3D182379E200C47F69 /* NoteModel.m in Sources */,
				0EA7EF4018237A0D00C47F69 /* CommentModel.m in Sources */,
				0EAFA1201822464700D01D3E /* FindPassWordInterface.m in Sources */,
				0EDF4DF418210241007161E0 /* NSString+HTML.m in Sources */,
				0EAFA1141822399100D01D3E /* LogInterface.m in Sources */,
				630B03B71820F5BB00F72C4C /* main.m in Sources */,
				0EDF4DDC18210241007161E0 /* ASICloudFilesCDNRequest.m in Sources */,
				0EDF4DF618210241007161E0 /* Reachability.m in Sources */,
				0EDF4DE718210241007161E0 /* ASIFormDataRequest.m in Sources */,
				0EAFA1121822399000D01D3E /* BaseInterface.m in Sources */,
				0EA7EF3A1823581F00C47F69 /* SectionModel.m in Sources */,
				0EDF4DED18210241007161E0 /* ASIS3BucketRequest.m in Sources */,
				0EDF4DFE1821028F007161E0 /* NSDictionary+AllKeytoLowerCase.m in Sources */,
				0EAFA11718223E5D00D01D3E /* CJTToolbarView.m in Sources */,
				0EDF4DF218210241007161E0 /* RJFileUtils.m in Sources */,
				0EA7EF13182349AF00C47F69 /* SectionInfoInterface.m in Sources */,
				0EDF4DEC18210241007161E0 /* ASIS3BucketObject.m in Sources */,
				0EDF4DE518210241007161E0 /* ASIDataDecompressor.m in Sources */,
				0EA7EF5E1823AE1800C47F69 /* AskQuestionInterface.m in Sources */,
				0EA7EF1618234A0400C47F69 /* GradeInterface.m in Sources */,
				0EA7EF2E18234D6200C47F69 /* AnswerPraiseInterface.m in Sources */,
			);
			runOnlyForDeploymentPostprocessing = 0;
		};
		630B03C71820F5BC00F72C4C /* Sources */ = {
			isa = PBXSourcesBuildPhase;
			buildActionMask = 2147483647;
			files = (
				630B03D91820F5BC00F72C4C /* CaiJinTongAppTests.m in Sources */,
			);
			runOnlyForDeploymentPostprocessing = 0;
		};
/* End PBXSourcesBuildPhase section */

/* Begin PBXTargetDependency section */
		630B03D11820F5BC00F72C4C /* PBXTargetDependency */ = {
			isa = PBXTargetDependency;
			target = 630B03A61820F5BB00F72C4C /* CaiJinTongApp */;
			targetProxy = 630B03D01820F5BC00F72C4C /* PBXContainerItemProxy */;
		};
/* End PBXTargetDependency section */

/* Begin PBXVariantGroup section */
		630B03B31820F5BB00F72C4C /* InfoPlist.strings */ = {
			isa = PBXVariantGroup;
			children = (
				630B03B41820F5BB00F72C4C /* en */,
			);
			name = InfoPlist.strings;
			sourceTree = "<group>";
		};
		630B03BC1820F5BB00F72C4C /* Main_iPhone.storyboard */ = {
			isa = PBXVariantGroup;
			children = (
				630B03BD1820F5BB00F72C4C /* Base */,
			);
			name = Main_iPhone.storyboard;
			sourceTree = "<group>";
		};
		630B03BF1820F5BB00F72C4C /* Main_iPad.storyboard */ = {
			isa = PBXVariantGroup;
			children = (
				630B03C01820F5BB00F72C4C /* Base */,
			);
			name = Main_iPad.storyboard;
			sourceTree = "<group>";
		};
		630B03D51820F5BC00F72C4C /* InfoPlist.strings */ = {
			isa = PBXVariantGroup;
			children = (
				630B03D61820F5BC00F72C4C /* en */,
			);
			name = InfoPlist.strings;
			sourceTree = "<group>";
		};
/* End PBXVariantGroup section */

/* Begin XCBuildConfiguration section */
		630B03DA1820F5BC00F72C4C /* Debug */ = {
			isa = XCBuildConfiguration;
			buildSettings = {
				ALWAYS_SEARCH_USER_PATHS = NO;
				ARCHS = "$(ARCHS_STANDARD_INCLUDING_64_BIT)";
				CLANG_CXX_LANGUAGE_STANDARD = "gnu++0x";
				CLANG_CXX_LIBRARY = "libc++";
				CLANG_ENABLE_MODULES = YES;
				CLANG_ENABLE_OBJC_ARC = YES;
				CLANG_WARN_BOOL_CONVERSION = YES;
				CLANG_WARN_CONSTANT_CONVERSION = YES;
				CLANG_WARN_DIRECT_OBJC_ISA_USAGE = YES_ERROR;
				CLANG_WARN_EMPTY_BODY = YES;
				CLANG_WARN_ENUM_CONVERSION = YES;
				CLANG_WARN_INT_CONVERSION = YES;
				CLANG_WARN_OBJC_ROOT_CLASS = YES_ERROR;
				CLANG_WARN__DUPLICATE_METHOD_MATCH = YES;
				"CODE_SIGN_IDENTITY[sdk=iphoneos*]" = "iPhone Developer";
				COPY_PHASE_STRIP = NO;
				GCC_C_LANGUAGE_STANDARD = gnu99;
				GCC_DYNAMIC_NO_PIC = NO;
				GCC_OPTIMIZATION_LEVEL = 0;
				GCC_PREPROCESSOR_DEFINITIONS = (
					"DEBUG=1",
					"$(inherited)",
				);
				GCC_SYMBOLS_PRIVATE_EXTERN = NO;
				GCC_WARN_64_TO_32_BIT_CONVERSION = YES;
				GCC_WARN_ABOUT_RETURN_TYPE = YES_ERROR;
				GCC_WARN_UNDECLARED_SELECTOR = YES;
				GCC_WARN_UNINITIALIZED_AUTOS = YES;
				GCC_WARN_UNUSED_FUNCTION = YES;
				GCC_WARN_UNUSED_VARIABLE = YES;
				IPHONEOS_DEPLOYMENT_TARGET = 7.0;
				ONLY_ACTIVE_ARCH = YES;
				SDKROOT = iphoneos;
				TARGETED_DEVICE_FAMILY = "1,2";
			};
			name = Debug;
		};
		630B03DB1820F5BC00F72C4C /* Release */ = {
			isa = XCBuildConfiguration;
			buildSettings = {
				ALWAYS_SEARCH_USER_PATHS = NO;
				ARCHS = "$(ARCHS_STANDARD_INCLUDING_64_BIT)";
				CLANG_CXX_LANGUAGE_STANDARD = "gnu++0x";
				CLANG_CXX_LIBRARY = "libc++";
				CLANG_ENABLE_MODULES = YES;
				CLANG_ENABLE_OBJC_ARC = YES;
				CLANG_WARN_BOOL_CONVERSION = YES;
				CLANG_WARN_CONSTANT_CONVERSION = YES;
				CLANG_WARN_DIRECT_OBJC_ISA_USAGE = YES_ERROR;
				CLANG_WARN_EMPTY_BODY = YES;
				CLANG_WARN_ENUM_CONVERSION = YES;
				CLANG_WARN_INT_CONVERSION = YES;
				CLANG_WARN_OBJC_ROOT_CLASS = YES_ERROR;
				CLANG_WARN__DUPLICATE_METHOD_MATCH = YES;
				"CODE_SIGN_IDENTITY[sdk=iphoneos*]" = "iPhone Developer";
				COPY_PHASE_STRIP = YES;
				ENABLE_NS_ASSERTIONS = NO;
				GCC_C_LANGUAGE_STANDARD = gnu99;
				GCC_WARN_64_TO_32_BIT_CONVERSION = YES;
				GCC_WARN_ABOUT_RETURN_TYPE = YES_ERROR;
				GCC_WARN_UNDECLARED_SELECTOR = YES;
				GCC_WARN_UNINITIALIZED_AUTOS = YES;
				GCC_WARN_UNUSED_FUNCTION = YES;
				GCC_WARN_UNUSED_VARIABLE = YES;
				IPHONEOS_DEPLOYMENT_TARGET = 7.0;
				SDKROOT = iphoneos;
				TARGETED_DEVICE_FAMILY = "1,2";
				VALIDATE_PRODUCT = YES;
			};
			name = Release;
		};
		630B03DD1820F5BC00F72C4C /* Debug */ = {
			isa = XCBuildConfiguration;
			buildSettings = {
				ARCHS = "$(ARCHS_STANDARD)";
				ASSETCATALOG_COMPILER_APPICON_NAME = AppIcon;
				ASSETCATALOG_COMPILER_LAUNCHIMAGE_NAME = LaunchImage;
				GCC_PRECOMPILE_PREFIX_HEADER = YES;
				GCC_PREFIX_HEADER = "CaiJinTongApp/CaiJinTongApp-Prefix.pch";
				GCC_PREPROCESSOR_DEFINITIONS = DEBUG;
				HEADER_SEARCH_PATHS = "${SDK_DIR}/usr/include/libxml2";
				INFOPLIST_FILE = "CaiJinTongApp/CaiJinTongApp-Info.plist";
				IPHONEOS_DEPLOYMENT_TARGET = 6.0;
				PRODUCT_NAME = "$(TARGET_NAME)";
				WRAPPER_EXTENSION = app;
			};
			name = Debug;
		};
		630B03DE1820F5BC00F72C4C /* Release */ = {
			isa = XCBuildConfiguration;
			buildSettings = {
				ARCHS = "$(ARCHS_STANDARD)";
				ASSETCATALOG_COMPILER_APPICON_NAME = AppIcon;
				ASSETCATALOG_COMPILER_LAUNCHIMAGE_NAME = LaunchImage;
				GCC_PRECOMPILE_PREFIX_HEADER = YES;
				GCC_PREFIX_HEADER = "CaiJinTongApp/CaiJinTongApp-Prefix.pch";
				HEADER_SEARCH_PATHS = "${SDK_DIR}/usr/include/libxml2";
				INFOPLIST_FILE = "CaiJinTongApp/CaiJinTongApp-Info.plist";
				IPHONEOS_DEPLOYMENT_TARGET = 6.0;
				PRODUCT_NAME = "$(TARGET_NAME)";
				WRAPPER_EXTENSION = app;
			};
			name = Release;
		};
		630B03E01820F5BC00F72C4C /* Debug */ = {
			isa = XCBuildConfiguration;
			buildSettings = {
				ARCHS = "$(ARCHS_STANDARD_INCLUDING_64_BIT)";
				BUNDLE_LOADER = "$(BUILT_PRODUCTS_DIR)/CaiJinTongApp.app/CaiJinTongApp";
				FRAMEWORK_SEARCH_PATHS = (
					"$(SDKROOT)/Developer/Library/Frameworks",
					"$(inherited)",
					"$(DEVELOPER_FRAMEWORKS_DIR)",
				);
				GCC_PRECOMPILE_PREFIX_HEADER = YES;
				GCC_PREFIX_HEADER = "CaiJinTongApp/CaiJinTongApp-Prefix.pch";
				GCC_PREPROCESSOR_DEFINITIONS = (
					"DEBUG=1",
					"$(inherited)",
				);
				INFOPLIST_FILE = "CaiJinTongAppTests/CaiJinTongAppTests-Info.plist";
				PRODUCT_NAME = "$(TARGET_NAME)";
				TEST_HOST = "$(BUNDLE_LOADER)";
				WRAPPER_EXTENSION = xctest;
			};
			name = Debug;
		};
		630B03E11820F5BC00F72C4C /* Release */ = {
			isa = XCBuildConfiguration;
			buildSettings = {
				ARCHS = "$(ARCHS_STANDARD_INCLUDING_64_BIT)";
				BUNDLE_LOADER = "$(BUILT_PRODUCTS_DIR)/CaiJinTongApp.app/CaiJinTongApp";
				FRAMEWORK_SEARCH_PATHS = (
					"$(SDKROOT)/Developer/Library/Frameworks",
					"$(inherited)",
					"$(DEVELOPER_FRAMEWORKS_DIR)",
				);
				GCC_PRECOMPILE_PREFIX_HEADER = YES;
				GCC_PREFIX_HEADER = "CaiJinTongApp/CaiJinTongApp-Prefix.pch";
				INFOPLIST_FILE = "CaiJinTongAppTests/CaiJinTongAppTests-Info.plist";
				PRODUCT_NAME = "$(TARGET_NAME)";
				TEST_HOST = "$(BUNDLE_LOADER)";
				WRAPPER_EXTENSION = xctest;
			};
			name = Release;
		};
/* End XCBuildConfiguration section */

/* Begin XCConfigurationList section */
		630B03A21820F5BB00F72C4C /* Build configuration list for PBXProject "CaiJinTongApp" */ = {
			isa = XCConfigurationList;
			buildConfigurations = (
				630B03DA1820F5BC00F72C4C /* Debug */,
				630B03DB1820F5BC00F72C4C /* Release */,
			);
			defaultConfigurationIsVisible = 0;
			defaultConfigurationName = Release;
		};
		630B03DC1820F5BC00F72C4C /* Build configuration list for PBXNativeTarget "CaiJinTongApp" */ = {
			isa = XCConfigurationList;
			buildConfigurations = (
				630B03DD1820F5BC00F72C4C /* Debug */,
				630B03DE1820F5BC00F72C4C /* Release */,
			);
			defaultConfigurationIsVisible = 0;
			defaultConfigurationName = Release;
		};
		630B03DF1820F5BC00F72C4C /* Build configuration list for PBXNativeTarget "CaiJinTongAppTests" */ = {
			isa = XCConfigurationList;
			buildConfigurations = (
				630B03E01820F5BC00F72C4C /* Debug */,
				630B03E11820F5BC00F72C4C /* Release */,
			);
			defaultConfigurationIsVisible = 0;
			defaultConfigurationName = Release;
		};
/* End XCConfigurationList section */
	};
	rootObject = 630B039F1820F5BB00F72C4C /* Project object */;
}
